// !$*UTF8*$!
{
	archiveVersion = 1;
	classes = {
	};
	objectVersion = 50;
	objects = {

/* Begin PBXBuildFile section */
		858058AC26AEE90D002086AA /* AppDelegate.swift in Sources */ = {isa = PBXBuildFile; fileRef = 858058AB26AEE90D002086AA /* AppDelegate.swift */; };
		858058AE26AEE90D002086AA /* SceneDelegate.swift in Sources */ = {isa = PBXBuildFile; fileRef = 858058AD26AEE90D002086AA /* SceneDelegate.swift */; };
		858058B026AEE90D002086AA /* ViewController.swift in Sources */ = {isa = PBXBuildFile; fileRef = 858058AF26AEE90D002086AA /* ViewController.swift */; };
		858058B326AEE90D002086AA /* Main.storyboard in Resources */ = {isa = PBXBuildFile; fileRef = 858058B126AEE90D002086AA /* Main.storyboard */; };
		858058B526AEE90E002086AA /* Assets.xcassets in Resources */ = {isa = PBXBuildFile; fileRef = 858058B426AEE90E002086AA /* Assets.xcassets */; };
		858058B826AEE90E002086AA /* LaunchScreen.storyboard in Resources */ = {isa = PBXBuildFile; fileRef = 858058B626AEE90E002086AA /* LaunchScreen.storyboard */; };
		858058C026AEEF79002086AA /* AddViewController.swift in Sources */ = {isa = PBXBuildFile; fileRef = 858058BF26AEEF79002086AA /* AddViewController.swift */; };
		858058C226AEEF91002086AA /* DetailViewController.swift in Sources */ = {isa = PBXBuildFile; fileRef = 858058C126AEEF91002086AA /* DetailViewController.swift */; };
		858058C426AEF01A002086AA /* CollectionViewCell.swift in Sources */ = {isa = PBXBuildFile; fileRef = 858058C326AEF01A002086AA /* CollectionViewCell.swift */; };
/* End PBXBuildFile section */

/* Begin PBXFileReference section */
		858058A826AEE90D002086AA /* CollectionView_Label.app */ = {isa = PBXFileReference; explicitFileType = wrapper.application; includeInIndex = 0; path = CollectionView_Label.app; sourceTree = BUILT_PRODUCTS_DIR; };
		858058AB26AEE90D002086AA /* AppDelegate.swift */ = {isa = PBXFileReference; lastKnownFileType = sourcecode.swift; path = AppDelegate.swift; sourceTree = "<group>"; };
		858058AD26AEE90D002086AA /* SceneDelegate.swift */ = {isa = PBXFileReference; lastKnownFileType = sourcecode.swift; path = SceneDelegate.swift; sourceTree = "<group>"; };
		858058AF26AEE90D002086AA /* ViewController.swift */ = {isa = PBXFileReference; lastKnownFileType = sourcecode.swift; path = ViewController.swift; sourceTree = "<group>"; };
		858058B226AEE90D002086AA /* Base */ = {isa = PBXFileReference; lastKnownFileType = file.storyboard; name = Base; path = Base.lproj/Main.storyboard; sourceTree = "<group>"; };
		858058B426AEE90E002086AA /* Assets.xcassets */ = {isa = PBXFileReference; lastKnownFileType = folder.assetcatalog; path = Assets.xcassets; sourceTree = "<group>"; };
		858058B726AEE90E002086AA /* Base */ = {isa = PBXFileReference; lastKnownFileType = file.storyboard; name = Base; path = Base.lproj/LaunchScreen.storyboard; sourceTree = "<group>"; };
		858058B926AEE90E002086AA /* Info.plist */ = {isa = PBXFileReference; lastKnownFileType = text.plist.xml; path = Info.plist; sourceTree = "<group>"; };
		858058BF26AEEF79002086AA /* AddViewController.swift */ = {isa = PBXFileReference; lastKnownFileType = sourcecode.swift; path = AddViewController.swift; sourceTree = "<group>"; };
		858058C126AEEF91002086AA /* DetailViewController.swift */ = {isa = PBXFileReference; lastKnownFileType = sourcecode.swift; path = DetailViewController.swift; sourceTree = "<group>"; };
		858058C326AEF01A002086AA /* CollectionViewCell.swift */ = {isa = PBXFileReference; lastKnownFileType = sourcecode.swift; path = CollectionViewCell.swift; sourceTree = "<group>"; };
/* End PBXFileReference section */

/* Begin PBXFrameworksBuildPhase section */
		858058A526AEE90D002086AA /* Frameworks */ = {
			isa = PBXFrameworksBuildPhase;
			buildActionMask = 2147483647;
			files = (
			);
			runOnlyForDeploymentPostprocessing = 0;
		};
/* End PBXFrameworksBuildPhase section */

/* Begin PBXGroup section */
		8580589F26AEE90D002086AA = {
			isa = PBXGroup;
			children = (
				858058AA26AEE90D002086AA /* CollectionView_Label */,
				858058A926AEE90D002086AA /* Products */,
			);
			sourceTree = "<group>";
		};
		858058A926AEE90D002086AA /* Products */ = {
			isa = PBXGroup;
			children = (
				858058A826AEE90D002086AA /* CollectionView_Label.app */,
			);
			name = Products;
			sourceTree = "<group>";
		};
		858058AA26AEE90D002086AA /* CollectionView_Label */ = {
			isa = PBXGroup;
			children = (
				858058AB26AEE90D002086AA /* AppDelegate.swift */,
				858058AD26AEE90D002086AA /* SceneDelegate.swift */,
				858058AF26AEE90D002086AA /* ViewController.swift */,
				858058BF26AEEF79002086AA /* AddViewController.swift */,
				858058C126AEEF91002086AA /* DetailViewController.swift */,
				858058C326AEF01A002086AA /* CollectionViewCell.swift */,
				858058B126AEE90D002086AA /* Main.storyboard */,
				858058B426AEE90E002086AA /* Assets.xcassets */,
				858058B626AEE90E002086AA /* LaunchScreen.storyboard */,
				858058B926AEE90E002086AA /* Info.plist */,
			);
			path = CollectionView_Label;
			sourceTree = "<group>";
		};
/* End PBXGroup section */

/* Begin PBXNativeTarget section */
		858058A726AEE90D002086AA /* CollectionView_Label */ = {
			isa = PBXNativeTarget;
			buildConfigurationList = 858058BC26AEE90E002086AA /* Build configuration list for PBXNativeTarget "CollectionView_Label" */;
			buildPhases = (
				858058A426AEE90D002086AA /* Sources */,
				858058A526AEE90D002086AA /* Frameworks */,
				858058A626AEE90D002086AA /* Resources */,
			);
			buildRules = (
			);
			dependencies = (
			);
			name = CollectionView_Label;
			productName = CollectionView_Label;
			productReference = 858058A826AEE90D002086AA /* CollectionView_Label.app */;
			productType = "com.apple.product-type.application";
		};
/* End PBXNativeTarget section */

/* Begin PBXProject section */
		858058A026AEE90D002086AA /* Project object */ = {
			isa = PBXProject;
			attributes = {
				LastSwiftUpdateCheck = 1250;
				LastUpgradeCheck = 1250;
				TargetAttributes = {
					858058A726AEE90D002086AA = {
						CreatedOnToolsVersion = 12.5.1;
					};
				};
			};
			buildConfigurationList = 858058A326AEE90D002086AA /* Build configuration list for PBXProject "CollectionView_Label" */;
			compatibilityVersion = "Xcode 9.3";
			developmentRegion = en;
			hasScannedForEncodings = 0;
			knownRegions = (
				en,
				Base,
			);
			mainGroup = 8580589F26AEE90D002086AA;
			productRefGroup = 858058A926AEE90D002086AA /* Products */;
			projectDirPath = "";
			projectRoot = "";
			targets = (
				858058A726AEE90D002086AA /* CollectionView_Label */,
			);
		};
/* End PBXProject section */

/* Begin PBXResourcesBuildPhase section */
		858058A626AEE90D002086AA /* Resources */ = {
			isa = PBXResourcesBuildPhase;
			buildActionMask = 2147483647;
			files = (
				858058B826AEE90E002086AA /* LaunchScreen.storyboard in Resources */,
				858058B526AEE90E002086AA /* Assets.xcassets in Resources */,
				858058B326AEE90D002086AA /* Main.storyboard in Resources */,
			);
			runOnlyForDeploymentPostprocessing = 0;
		};
/* End PBXResourcesBuildPhase section */

/* Begin PBXSourcesBuildPhase section */
		858058A426AEE90D002086AA /* Sources */ = {
			isa = PBXSourcesBuildPhase;
			buildActionMask = 2147483647;
			files = (
				858058B026AEE90D002086AA /* ViewController.swift in Sources */,
				858058AC26AEE90D002086AA /* AppDelegate.swift in Sources */,
				858058C426AEF01A002086AA /* CollectionViewCell.swift in Sources */,
				858058C226AEEF91002086AA /* DetailViewController.swift in Sources */,
				858058C026AEEF79002086AA /* AddViewController.swift in Sources */,
				858058AE26AEE90D002086AA /* SceneDelegate.swift in Sources */,
			);
			runOnlyForDeploymentPostprocessing = 0;
		};
/* End PBXSourcesBuildPhase section */

/* Begin PBXVariantGroup section */
		858058B126AEE90D002086AA /* Main.storyboard */ = {
			isa = PBXVariantGroup;
			children = (
				858058B226AEE90D002086AA /* Base */,
			);
			name = Main.storyboard;
			sourceTree = "<group>";
		};
		858058B626AEE90E002086AA /* LaunchScreen.storyboard */ = {
			isa = PBXVariantGroup;
			children = (
				858058B726AEE90E002086AA /* Base */,
			);
			name = LaunchScreen.storyboard;
			sourceTree = "<group>";
		};
/* End PBXVariantGroup section */

/* Begin XCBuildConfiguration section */
		858058BA26AEE90E002086AA /* Debug */ = {
			isa = XCBuildConfiguration;
			buildSettings = {
				ALWAYS_SEARCH_USER_PATHS = NO;
				CLANG_ANALYZER_NONNULL = YES;
				CLANG_ANALYZER_NUMBER_OBJECT_CONVERSION = YES_AGGRESSIVE;
				CLANG_CXX_LANGUAGE_STANDARD = "gnu++14";
				CLANG_CXX_LIBRARY = "libc++";
				CLANG_ENABLE_MODULES = YES;
				CLANG_ENABLE_OBJC_ARC = YES;
				CLANG_ENABLE_OBJC_WEAK = YES;
				CLANG_WARN_BLOCK_CAPTURE_AUTORELEASING = YES;
				CLANG_WARN_BOOL_CONVERSION = YES;
				CLANG_WARN_COMMA = YES;
				CLANG_WARN_CONSTANT_CONVERSION = YES;
				CLANG_WARN_DEPRECATED_OBJC_IMPLEMENTATIONS = YES;
				CLANG_WARN_DIRECT_OBJC_ISA_USAGE = YES_ERROR;
				CLANG_WARN_DOCUMENTATION_COMMENTS = YES;
				CLANG_WARN_EMPTY_BODY = YES;
				CLANG_WARN_ENUM_CONVERSION = YES;
				CLANG_WARN_INFINITE_RECURSION = YES;
				CLANG_WARN_INT_CONVERSION = YES;
				CLANG_WARN_NON_LITERAL_NULL_CONVERSION = YES;
				CLANG_WARN_OBJC_IMPLICIT_RETAIN_SELF = YES;
				CLANG_WARN_OBJC_LITERAL_CONVERSION = YES;
				CLANG_WARN_OBJC_ROOT_CLASS = YES_ERROR;
				CLANG_WARN_QUOTED_INCLUDE_IN_FRAMEWORK_HEADER = YES;
				CLANG_WARN_RANGE_LOOP_ANALYSIS = YES;
				CLANG_WARN_STRICT_PROTOTYPES = YES;
				CLANG_WARN_SUSPICIOUS_MOVE = YES;
				CLANG_WARN_UNGUARDED_AVAILABILITY = YES_AGGRESSIVE;
				CLANG_WARN_UNREACHABLE_CODE = YES;
				CLANG_WARN__DUPLICATE_METHOD_MATCH = YES;
				COPY_PHASE_STRIP = NO;
				DEBUG_INFORMATION_FORMAT = dwarf;
				ENABLE_STRICT_OBJC_MSGSEND = YES;
				ENABLE_TESTABILITY = YES;
				GCC_C_LANGUAGE_STANDARD = gnu11;
				GCC_DYNAMIC_NO_PIC = NO;
				GCC_NO_COMMON_BLOCKS = YES;
				GCC_OPTIMIZATION_LEVEL = 0;
				GCC_PREPROCESSOR_DEFINITIONS = (
					"DEBUG=1",
					"$(inherited)",
				);
				GCC_WARN_64_TO_32_BIT_CONVERSION = YES;
				GCC_WARN_ABOUT_RETURN_TYPE = YES_ERROR;
				GCC_WARN_UNDECLARED_SELECTOR = YES;
				GCC_WARN_UNINITIALIZED_AUTOS = YES_AGGRESSIVE;
				GCC_WARN_UNUSED_FUNCTION = YES;
				GCC_WARN_UNUSED_VARIABLE = YES;
				IPHONEOS_DEPLOYMENT_TARGET = 14.5;
				MTL_ENABLE_DEBUG_INFO = INCLUDE_SOURCE;
				MTL_FAST_MATH = YES;
				ONLY_ACTIVE_ARCH = YES;
				SDKROOT = iphoneos;
				SWIFT_ACTIVE_COMPILATION_CONDITIONS = DEBUG;
				SWIFT_OPTIMIZATION_LEVEL = "-Onone";
			};
			name = Debug;
		};
		858058BB26AEE90E002086AA /* Release */ = {
			isa = XCBuildConfiguration;
			buildSettings = {
				ALWAYS_SEARCH_USER_PATHS = NO;
				CLANG_ANALYZER_NONNULL = YES;
				CLANG_ANALYZER_NUMBER_OBJECT_CONVERSION = YES_AGGRESSIVE;
				CLANG_CXX_LANGUAGE_STANDARD = "gnu++14";
				CLANG_CXX_LIBRARY = "libc++";
				CLANG_ENABLE_MODULES = YES;
				CLANG_ENABLE_OBJC_ARC = YES;
				CLANG_ENABLE_OBJC_WEAK = YES;
				CLANG_WARN_BLOCK_CAPTURE_AUTORELEASING = YES;
				CLANG_WARN_BOOL_CONVERSION = YES;
				CLANG_WARN_COMMA = YES;
				CLANG_WARN_CONSTANT_CONVERSION = YES;
				CLANG_WARN_DEPRECATED_OBJC_IMPLEMENTATIONS = YES;
				CLANG_WARN_DIRECT_OBJC_ISA_USAGE = YES_ERROR;
				CLANG_WARN_DOCUMENTATION_COMMENTS = YES;
				CLANG_WARN_EMPTY_BODY = YES;
				CLANG_WARN_ENUM_CONVERSION = YES;
				CLANG_WARN_INFINITE_RECURSION = YES;
				CLANG_WARN_INT_CONVERSION = YES;
				CLANG_WARN_NON_LITERAL_NULL_CONVERSION = YES;
				CLANG_WARN_OBJC_IMPLICIT_RETAIN_SELF = YES;
				CLANG_WARN_OBJC_LITERAL_CONVERSION = YES;
				CLANG_WARN_OBJC_ROOT_CLASS = YES_ERROR;
				CLANG_WARN_QUOTED_INCLUDE_IN_FRAMEWORK_HEADER = YES;
				CLANG_WARN_RANGE_LOOP_ANALYSIS = YES;
				CLANG_WARN_STRICT_PROTOTYPES = YES;
				CLANG_WARN_SUSPICIOUS_MOVE = YES;
				CLANG_WARN_UNGUARDED_AVAILABILITY = YES_AGGRESSIVE;
				CLANG_WARN_UNREACHABLE_CODE = YES;
				CLANG_WARN__DUPLICATE_METHOD_MATCH = YES;
				COPY_PHASE_STRIP = NO;
				DEBUG_INFORMATION_FORMAT = "dwarf-with-dsym";
				ENABLE_NS_ASSERTIONS = NO;
				ENABLE_STRICT_OBJC_MSGSEND = YES;
				GCC_C_LANGUAGE_STANDARD = gnu11;
				GCC_NO_COMMON_BLOCKS = YES;
				GCC_WARN_64_TO_32_BIT_CONVERSION = YES;
				GCC_WARN_ABOUT_RETURN_TYPE = YES_ERROR;
				GCC_WARN_UNDECLARED_SELECTOR = YES;
				GCC_WARN_UNINITIALIZED_AUTOS = YES_AGGRESSIVE;
				GCC_WARN_UNUSED_FUNCTION = YES;
				GCC_WARN_UNUSED_VARIABLE = YES;
				IPHONEOS_DEPLOYMENT_TARGET = 14.5;
				MTL_ENABLE_DEBUG_INFO = NO;
				MTL_FAST_MATH = YES;
				SDKROOT = iphoneos;
				SWIFT_COMPILATION_MODE = wholemodule;
				SWIFT_OPTIMIZATION_LEVEL = "-O";
				VALIDATE_PRODUCT = YES;
			};
			name = Release;
		};
		858058BD26AEE90E002086AA /* Debug */ = {
			isa = XCBuildConfiguration;
			buildSettings = {
				ASSETCATALOG_COMPILER_APPICON_NAME = AppIcon;
				ASSETCATALOG_COMPILER_GLOBAL_ACCENT_COLOR_NAME = AccentColor;
				CODE_SIGN_STYLE = Automatic;
				DEVELOPMENT_TEAM = 555WD7N8WG;
				INFOPLIST_FILE = CollectionView_Label/Info.plist;
				LD_RUNPATH_SEARCH_PATHS = (
					"$(inherited)",
					"@executable_path/Frameworks",
				);
				PRODUCT_BUNDLE_IDENTIFIER = "com.hyeji.CollectionView-Label";
				PRODUCT_NAME = "$(TARGET_NAME)";
				SWIFT_VERSION = 5.0;
				TARGETED_DEVICE_FAMILY = "1,2";
			};
			name = Debug;
		};
		858058BE26AEE90E002086AA /* Release */ = {
			isa = XCBuildConfiguration;
			buildSettings = {
				ASSETCATALOG_COMPILER_APPICON_NAME = AppIcon;
				ASSETCATALOG_COMPILER_GLOBAL_ACCENT_COLOR_NAME = AccentColor;
				CODE_SIGN_STYLE = Automatic;
				DEVELOPMENT_TEAM = 555WD7N8WG;
				INFOPLIST_FILE = CollectionView_Label/Info.plist;
				LD_RUNPATH_SEARCH_PATHS = (
					"$(inherited)",
					"@executable_path/Frameworks",
				);
				PRODUCT_BUNDLE_IDENTIFIER = "com.hyeji.CollectionView-Label";
				PRODUCT_NAME = "$(TARGET_NAME)";
				SWIFT_VERSION = 5.0;
				TARGETED_DEVICE_FAMILY = "1,2";
			};
			name = Release;
		};
/* End XCBuildConfiguration section */

/* Begin XCConfigurationList section */
		858058A326AEE90D002086AA /* Build configuration list for PBXProject "CollectionView_Label" */ = {
			isa = XCConfigurationList;
			buildConfigurations = (
				858058BA26AEE90E002086AA /* Debug */,
				858058BB26AEE90E002086AA /* Release */,
			);
			defaultConfigurationIsVisible = 0;
			defaultConfigurationName = Release;
		};
		858058BC26AEE90E002086AA /* Build configuration list for PBXNativeTarget "CollectionView_Label" */ = {
			isa = XCConfigurationList;
			buildConfigurations = (
				858058BD26AEE90E002086AA /* Debug */,
				858058BE26AEE90E002086AA /* Release */,
			);
			defaultConfigurationIsVisible = 0;
			defaultConfigurationName = Release;
		};
/* End XCConfigurationList section */
	};
	rootObject = 858058A026AEE90D002086AA /* Project object */;
}
