// !$*UTF8*$!
{
	archiveVersion = 1;
	classes = {
	};
	objectVersion = 50;
	objects = {

/* Begin PBXBuildFile section */
		857F1BE426B25A6C0028D3BC /* AppDelegate.swift in Sources */ = {isa = PBXBuildFile; fileRef = 857F1BE326B25A6C0028D3BC /* AppDelegate.swift */; };
		857F1BE626B25A6C0028D3BC /* SceneDelegate.swift in Sources */ = {isa = PBXBuildFile; fileRef = 857F1BE526B25A6C0028D3BC /* SceneDelegate.swift */; };
		857F1BE826B25A6C0028D3BC /* ViewController.swift in Sources */ = {isa = PBXBuildFile; fileRef = 857F1BE726B25A6C0028D3BC /* ViewController.swift */; };
		857F1BEB26B25A6C0028D3BC /* Main.storyboard in Resources */ = {isa = PBXBuildFile; fileRef = 857F1BE926B25A6C0028D3BC /* Main.storyboard */; };
		857F1BED26B25A6E0028D3BC /* Assets.xcassets in Resources */ = {isa = PBXBuildFile; fileRef = 857F1BEC26B25A6E0028D3BC /* Assets.xcassets */; };
		857F1BF026B25A6E0028D3BC /* LaunchScreen.storyboard in Resources */ = {isa = PBXBuildFile; fileRef = 857F1BEE26B25A6E0028D3BC /* LaunchScreen.storyboard */; };
/* End PBXBuildFile section */

/* Begin PBXFileReference section */
		857F1BE026B25A6C0028D3BC /* AutoLayout2.app */ = {isa = PBXFileReference; explicitFileType = wrapper.application; includeInIndex = 0; path = AutoLayout2.app; sourceTree = BUILT_PRODUCTS_DIR; };
		857F1BE326B25A6C0028D3BC /* AppDelegate.swift */ = {isa = PBXFileReference; lastKnownFileType = sourcecode.swift; path = AppDelegate.swift; sourceTree = "<group>"; };
		857F1BE526B25A6C0028D3BC /* SceneDelegate.swift */ = {isa = PBXFileReference; lastKnownFileType = sourcecode.swift; path = SceneDelegate.swift; sourceTree = "<group>"; };
		857F1BE726B25A6C0028D3BC /* ViewController.swift */ = {isa = PBXFileReference; lastKnownFileType = sourcecode.swift; path = ViewController.swift; sourceTree = "<group>"; };
		857F1BEA26B25A6C0028D3BC /* Base */ = {isa = PBXFileReference; lastKnownFileType = file.storyboard; name = Base; path = Base.lproj/Main.storyboard; sourceTree = "<group>"; };
		857F1BEC26B25A6E0028D3BC /* Assets.xcassets */ = {isa = PBXFileReference; lastKnownFileType = folder.assetcatalog; path = Assets.xcassets; sourceTree = "<group>"; };
		857F1BEF26B25A6E0028D3BC /* Base */ = {isa = PBXFileReference; lastKnownFileType = file.storyboard; name = Base; path = Base.lproj/LaunchScreen.storyboard; sourceTree = "<group>"; };
		857F1BF126B25A6F0028D3BC /* Info.plist */ = {isa = PBXFileReference; lastKnownFileType = text.plist.xml; path = Info.plist; sourceTree = "<group>"; };
/* End PBXFileReference section */

/* Begin PBXFrameworksBuildPhase section */
		857F1BDD26B25A6C0028D3BC /* Frameworks */ = {
			isa = PBXFrameworksBuildPhase;
			buildActionMask = 2147483647;
			files = (
			);
			runOnlyForDeploymentPostprocessing = 0;
		};
/* End PBXFrameworksBuildPhase section */

/* Begin PBXGroup section */
		857F1BD726B25A6C0028D3BC = {
			isa = PBXGroup;
			children = (
				857F1BE226B25A6C0028D3BC /* AutoLayout2 */,
				857F1BE126B25A6C0028D3BC /* Products */,
			);
			sourceTree = "<group>";
		};
		857F1BE126B25A6C0028D3BC /* Products */ = {
			isa = PBXGroup;
			children = (
				857F1BE026B25A6C0028D3BC /* AutoLayout2.app */,
			);
			name = Products;
			sourceTree = "<group>";
		};
		857F1BE226B25A6C0028D3BC /* AutoLayout2 */ = {
			isa = PBXGroup;
			children = (
				857F1BE326B25A6C0028D3BC /* AppDelegate.swift */,
				857F1BE526B25A6C0028D3BC /* SceneDelegate.swift */,
				857F1BE726B25A6C0028D3BC /* ViewController.swift */,
				857F1BE926B25A6C0028D3BC /* Main.storyboard */,
				857F1BEC26B25A6E0028D3BC /* Assets.xcassets */,
				857F1BEE26B25A6E0028D3BC /* LaunchScreen.storyboard */,
				857F1BF126B25A6F0028D3BC /* Info.plist */,
			);
			path = AutoLayout2;
			sourceTree = "<group>";
		};
/* End PBXGroup section */

/* Begin PBXNativeTarget section */
		857F1BDF26B25A6C0028D3BC /* AutoLayout2 */ = {
			isa = PBXNativeTarget;
			buildConfigurationList = 857F1BF426B25A6F0028D3BC /* Build configuration list for PBXNativeTarget "AutoLayout2" */;
			buildPhases = (
				857F1BDC26B25A6C0028D3BC /* Sources */,
				857F1BDD26B25A6C0028D3BC /* Frameworks */,
				857F1BDE26B25A6C0028D3BC /* Resources */,
			);
			buildRules = (
			);
			dependencies = (
			);
			name = AutoLayout2;
			productName = AutoLayout2;
			productReference = 857F1BE026B25A6C0028D3BC /* AutoLayout2.app */;
			productType = "com.apple.product-type.application";
		};
/* End PBXNativeTarget section */

/* Begin PBXProject section */
		857F1BD826B25A6C0028D3BC /* Project object */ = {
			isa = PBXProject;
			attributes = {
				LastSwiftUpdateCheck = 1250;
				LastUpgradeCheck = 1250;
				TargetAttributes = {
					857F1BDF26B25A6C0028D3BC = {
						CreatedOnToolsVersion = 12.5.1;
					};
				};
			};
			buildConfigurationList = 857F1BDB26B25A6C0028D3BC /* Build configuration list for PBXProject "AutoLayout2" */;
			compatibilityVersion = "Xcode 9.3";
			developmentRegion = en;
			hasScannedForEncodings = 0;
			knownRegions = (
				en,
				Base,
			);
			mainGroup = 857F1BD726B25A6C0028D3BC;
			productRefGroup = 857F1BE126B25A6C0028D3BC /* Products */;
			projectDirPath = "";
			projectRoot = "";
			targets = (
				857F1BDF26B25A6C0028D3BC /* AutoLayout2 */,
			);
		};
/* End PBXProject section */

/* Begin PBXResourcesBuildPhase section */
		857F1BDE26B25A6C0028D3BC /* Resources */ = {
			isa = PBXResourcesBuildPhase;
			buildActionMask = 2147483647;
			files = (
				857F1BF026B25A6E0028D3BC /* LaunchScreen.storyboard in Resources */,
				857F1BED26B25A6E0028D3BC /* Assets.xcassets in Resources */,
				857F1BEB26B25A6C0028D3BC /* Main.storyboard in Resources */,
			);
			runOnlyForDeploymentPostprocessing = 0;
		};
/* End PBXResourcesBuildPhase section */

/* Begin PBXSourcesBuildPhase section */
		857F1BDC26B25A6C0028D3BC /* Sources */ = {
			isa = PBXSourcesBuildPhase;
			buildActionMask = 2147483647;
			files = (
				857F1BE826B25A6C0028D3BC /* ViewController.swift in Sources */,
				857F1BE426B25A6C0028D3BC /* AppDelegate.swift in Sources */,
				857F1BE626B25A6C0028D3BC /* SceneDelegate.swift in Sources */,
			);
			runOnlyForDeploymentPostprocessing = 0;
		};
/* End PBXSourcesBuildPhase section */

/* Begin PBXVariantGroup section */
		857F1BE926B25A6C0028D3BC /* Main.storyboard */ = {
			isa = PBXVariantGroup;
			children = (
				857F1BEA26B25A6C0028D3BC /* Base */,
			);
			name = Main.storyboard;
			sourceTree = "<group>";
		};
		857F1BEE26B25A6E0028D3BC /* LaunchScreen.storyboard */ = {
			isa = PBXVariantGroup;
			children = (
				857F1BEF26B25A6E0028D3BC /* Base */,
			);
			name = LaunchScreen.storyboard;
			sourceTree = "<group>";
		};
/* End PBXVariantGroup section */

/* Begin XCBuildConfiguration section */
		857F1BF226B25A6F0028D3BC /* Debug */ = {
			isa = XCBuildConfiguration;
			buildSettings = {
				ALWAYS_SEARCH_USER_PATHS = NO;
				CLANG_ANALYZER_NONNULL = YES;
				CLANG_ANALYZER_NUMBER_OBJECT_CONVERSION = YES_AGGRESSIVE;
				CLANG_CXX_LANGUAGE_STANDARD = "gnu++14";
				CLANG_CXX_LIBRARY = "libc++";
				CLANG_ENABLE_MODULES = YES;
				CLANG_ENABLE_OBJC_ARC = YES;
				CLANG_ENABLE_OBJC_WEAK = YES;
				CLANG_WARN_BLOCK_CAPTURE_AUTORELEASING = YES;
				CLANG_WARN_BOOL_CONVERSION = YES;
				CLANG_WARN_COMMA = YES;
				CLANG_WARN_CONSTANT_CONVERSION = YES;
				CLANG_WARN_DEPRECATED_OBJC_IMPLEMENTATIONS = YES;
				CLANG_WARN_DIRECT_OBJC_ISA_USAGE = YES_ERROR;
				CLANG_WARN_DOCUMENTATION_COMMENTS = YES;
				CLANG_WARN_EMPTY_BODY = YES;
				CLANG_WARN_ENUM_CONVERSION = YES;
				CLANG_WARN_INFINITE_RECURSION = YES;
				CLANG_WARN_INT_CONVERSION = YES;
				CLANG_WARN_NON_LITERAL_NULL_CONVERSION = YES;
				CLANG_WARN_OBJC_IMPLICIT_RETAIN_SELF = YES;
				CLANG_WARN_OBJC_LITERAL_CONVERSION = YES;
				CLANG_WARN_OBJC_ROOT_CLASS = YES_ERROR;
				CLANG_WARN_QUOTED_INCLUDE_IN_FRAMEWORK_HEADER = YES;
				CLANG_WARN_RANGE_LOOP_ANALYSIS = YES;
				CLANG_WARN_STRICT_PROTOTYPES = YES;
				CLANG_WARN_SUSPICIOUS_MOVE = YES;
				CLANG_WARN_UNGUARDED_AVAILABILITY = YES_AGGRESSIVE;
				CLANG_WARN_UNREACHABLE_CODE = YES;
				CLANG_WARN__DUPLICATE_METHOD_MATCH = YES;
				COPY_PHASE_STRIP = NO;
				DEBUG_INFORMATION_FORMAT = dwarf;
				ENABLE_STRICT_OBJC_MSGSEND = YES;
				ENABLE_TESTABILITY = YES;
				GCC_C_LANGUAGE_STANDARD = gnu11;
				GCC_DYNAMIC_NO_PIC = NO;
				GCC_NO_COMMON_BLOCKS = YES;
				GCC_OPTIMIZATION_LEVEL = 0;
				GCC_PREPROCESSOR_DEFINITIONS = (
					"DEBUG=1",
					"$(inherited)",
				);
				GCC_WARN_64_TO_32_BIT_CONVERSION = YES;
				GCC_WARN_ABOUT_RETURN_TYPE = YES_ERROR;
				GCC_WARN_UNDECLARED_SELECTOR = YES;
				GCC_WARN_UNINITIALIZED_AUTOS = YES_AGGRESSIVE;
				GCC_WARN_UNUSED_FUNCTION = YES;
				GCC_WARN_UNUSED_VARIABLE = YES;
				IPHONEOS_DEPLOYMENT_TARGET = 14.5;
				MTL_ENABLE_DEBUG_INFO = INCLUDE_SOURCE;
				MTL_FAST_MATH = YES;
				ONLY_ACTIVE_ARCH = YES;
				SDKROOT = iphoneos;
				SWIFT_ACTIVE_COMPILATION_CONDITIONS = DEBUG;
				SWIFT_OPTIMIZATION_LEVEL = "-Onone";
			};
			name = Debug;
		};
		857F1BF326B25A6F0028D3BC /* Release */ = {
			isa = XCBuildConfiguration;
			buildSettings = {
				ALWAYS_SEARCH_USER_PATHS = NO;
				CLANG_ANALYZER_NONNULL = YES;
				CLANG_ANALYZER_NUMBER_OBJECT_CONVERSION = YES_AGGRESSIVE;
				CLANG_CXX_LANGUAGE_STANDARD = "gnu++14";
				CLANG_CXX_LIBRARY = "libc++";
				CLANG_ENABLE_MODULES = YES;
				CLANG_ENABLE_OBJC_ARC = YES;
				CLANG_ENABLE_OBJC_WEAK = YES;
				CLANG_WARN_BLOCK_CAPTURE_AUTORELEASING = YES;
				CLANG_WARN_BOOL_CONVERSION = YES;
				CLANG_WARN_COMMA = YES;
				CLANG_WARN_CONSTANT_CONVERSION = YES;
				CLANG_WARN_DEPRECATED_OBJC_IMPLEMENTATIONS = YES;
				CLANG_WARN_DIRECT_OBJC_ISA_USAGE = YES_ERROR;
				CLANG_WARN_DOCUMENTATION_COMMENTS = YES;
				CLANG_WARN_EMPTY_BODY = YES;
				CLANG_WARN_ENUM_CONVERSION = YES;
				CLANG_WARN_INFINITE_RECURSION = YES;
				CLANG_WARN_INT_CONVERSION = YES;
				CLANG_WARN_NON_LITERAL_NULL_CONVERSION = YES;
				CLANG_WARN_OBJC_IMPLICIT_RETAIN_SELF = YES;
				CLANG_WARN_OBJC_LITERAL_CONVERSION = YES;
				CLANG_WARN_OBJC_ROOT_CLASS = YES_ERROR;
				CLANG_WARN_QUOTED_INCLUDE_IN_FRAMEWORK_HEADER = YES;
				CLANG_WARN_RANGE_LOOP_ANALYSIS = YES;
				CLANG_WARN_STRICT_PROTOTYPES = YES;
				CLANG_WARN_SUSPICIOUS_MOVE = YES;
				CLANG_WARN_UNGUARDED_AVAILABILITY = YES_AGGRESSIVE;
				CLANG_WARN_UNREACHABLE_CODE = YES;
				CLANG_WARN__DUPLICATE_METHOD_MATCH = YES;
				COPY_PHASE_STRIP = NO;
				DEBUG_INFORMATION_FORMAT = "dwarf-with-dsym";
				ENABLE_NS_ASSERTIONS = NO;
				ENABLE_STRICT_OBJC_MSGSEND = YES;
				GCC_C_LANGUAGE_STANDARD = gnu11;
				GCC_NO_COMMON_BLOCKS = YES;
				GCC_WARN_64_TO_32_BIT_CONVERSION = YES;
				GCC_WARN_ABOUT_RETURN_TYPE = YES_ERROR;
				GCC_WARN_UNDECLARED_SELECTOR = YES;
				GCC_WARN_UNINITIALIZED_AUTOS = YES_AGGRESSIVE;
				GCC_WARN_UNUSED_FUNCTION = YES;
				GCC_WARN_UNUSED_VARIABLE = YES;
				IPHONEOS_DEPLOYMENT_TARGET = 14.5;
				MTL_ENABLE_DEBUG_INFO = NO;
				MTL_FAST_MATH = YES;
				SDKROOT = iphoneos;
				SWIFT_COMPILATION_MODE = wholemodule;
				SWIFT_OPTIMIZATION_LEVEL = "-O";
				VALIDATE_PRODUCT = YES;
			};
			name = Release;
		};
		857F1BF526B25A6F0028D3BC /* Debug */ = {
			isa = XCBuildConfiguration;
			buildSettings = {
				ASSETCATALOG_COMPILER_APPICON_NAME = AppIcon;
				ASSETCATALOG_COMPILER_GLOBAL_ACCENT_COLOR_NAME = AccentColor;
				CODE_SIGN_STYLE = Automatic;
				DEVELOPMENT_TEAM = 555WD7N8WG;
				INFOPLIST_FILE = AutoLayout2/Info.plist;
				LD_RUNPATH_SEARCH_PATHS = (
					"$(inherited)",
					"@executable_path/Frameworks",
				);
				PRODUCT_BUNDLE_IDENTIFIER = com.hyeji.AutoLayout2;
				PRODUCT_NAME = "$(TARGET_NAME)";
				SWIFT_VERSION = 5.0;
				TARGETED_DEVICE_FAMILY = "1,2";
			};
			name = Debug;
		};
		857F1BF626B25A6F0028D3BC /* Release */ = {
			isa = XCBuildConfiguration;
			buildSettings = {
				ASSETCATALOG_COMPILER_APPICON_NAME = AppIcon;
				ASSETCATALOG_COMPILER_GLOBAL_ACCENT_COLOR_NAME = AccentColor;
				CODE_SIGN_STYLE = Automatic;
				DEVELOPMENT_TEAM = 555WD7N8WG;
				INFOPLIST_FILE = AutoLayout2/Info.plist;
				LD_RUNPATH_SEARCH_PATHS = (
					"$(inherited)",
					"@executable_path/Frameworks",
				);
				PRODUCT_BUNDLE_IDENTIFIER = com.hyeji.AutoLayout2;
				PRODUCT_NAME = "$(TARGET_NAME)";
				SWIFT_VERSION = 5.0;
				TARGETED_DEVICE_FAMILY = "1,2";
			};
			name = Release;
		};
/* End XCBuildConfiguration section */

/* Begin XCConfigurationList section */
		857F1BDB26B25A6C0028D3BC /* Build configuration list for PBXProject "AutoLayout2" */ = {
			isa = XCConfigurationList;
			buildConfigurations = (
				857F1BF226B25A6F0028D3BC /* Debug */,
				857F1BF326B25A6F0028D3BC /* Release */,
			);
			defaultConfigurationIsVisible = 0;
			defaultConfigurationName = Release;
		};
		857F1BF426B25A6F0028D3BC /* Build configuration list for PBXNativeTarget "AutoLayout2" */ = {
			isa = XCConfigurationList;
			buildConfigurations = (
				857F1BF526B25A6F0028D3BC /* Debug */,
				857F1BF626B25A6F0028D3BC /* Release */,
			);
			defaultConfigurationIsVisible = 0;
			defaultConfigurationName = Release;
		};
/* End XCConfigurationList section */
	};
	rootObject = 857F1BD826B25A6C0028D3BC /* Project object */;
}
