// !$*UTF8*$!
{
	archiveVersion = 1;
	classes = {
	};
	objectVersion = 55;
	objects = {

/* Begin PBXBuildFile section */
		10C923AE2706A95100AFD5B1 /* AppDelegate.swift in Sources */ = {isa = PBXBuildFile; fileRef = 10C923AD2706A95100AFD5B1 /* AppDelegate.swift */; };
		10C923B02706A95100AFD5B1 /* SceneDelegate.swift in Sources */ = {isa = PBXBuildFile; fileRef = 10C923AF2706A95100AFD5B1 /* SceneDelegate.swift */; };
		10C923B22706A95100AFD5B1 /* ViewController.swift in Sources */ = {isa = PBXBuildFile; fileRef = 10C923B12706A95100AFD5B1 /* ViewController.swift */; };
		10C923B52706A95100AFD5B1 /* Main.storyboard in Resources */ = {isa = PBXBuildFile; fileRef = 10C923B32706A95100AFD5B1 /* Main.storyboard */; };
		10C923B72706A95600AFD5B1 /* Assets.xcassets in Resources */ = {isa = PBXBuildFile; fileRef = 10C923B62706A95600AFD5B1 /* Assets.xcassets */; };
		10C923BA2706A95600AFD5B1 /* LaunchScreen.storyboard in Resources */ = {isa = PBXBuildFile; fileRef = 10C923B82706A95600AFD5B1 /* LaunchScreen.storyboard */; };
		8804B131C1209E26C5D728E6 /* Pods_SDWebImage2.framework in Frameworks */ = {isa = PBXBuildFile; fileRef = 7A05FD835229A79520915EDF /* Pods_SDWebImage2.framework */; };
/* End PBXBuildFile section */

/* Begin PBXFileReference section */
		10C923AA2706A95100AFD5B1 /* SDWebImage2.app */ = {isa = PBXFileReference; explicitFileType = wrapper.application; includeInIndex = 0; path = SDWebImage2.app; sourceTree = BUILT_PRODUCTS_DIR; };
		10C923AD2706A95100AFD5B1 /* AppDelegate.swift */ = {isa = PBXFileReference; lastKnownFileType = sourcecode.swift; path = AppDelegate.swift; sourceTree = "<group>"; };
		10C923AF2706A95100AFD5B1 /* SceneDelegate.swift */ = {isa = PBXFileReference; lastKnownFileType = sourcecode.swift; path = SceneDelegate.swift; sourceTree = "<group>"; };
		10C923B12706A95100AFD5B1 /* ViewController.swift */ = {isa = PBXFileReference; lastKnownFileType = sourcecode.swift; path = ViewController.swift; sourceTree = "<group>"; };
		10C923B42706A95100AFD5B1 /* Base */ = {isa = PBXFileReference; lastKnownFileType = file.storyboard; name = Base; path = Base.lproj/Main.storyboard; sourceTree = "<group>"; };
		10C923B62706A95600AFD5B1 /* Assets.xcassets */ = {isa = PBXFileReference; lastKnownFileType = folder.assetcatalog; path = Assets.xcassets; sourceTree = "<group>"; };
		10C923B92706A95600AFD5B1 /* Base */ = {isa = PBXFileReference; lastKnownFileType = file.storyboard; name = Base; path = Base.lproj/LaunchScreen.storyboard; sourceTree = "<group>"; };
		10C923BB2706A95600AFD5B1 /* Info.plist */ = {isa = PBXFileReference; lastKnownFileType = text.plist.xml; path = Info.plist; sourceTree = "<group>"; };
		7A05FD835229A79520915EDF /* Pods_SDWebImage2.framework */ = {isa = PBXFileReference; explicitFileType = wrapper.framework; includeInIndex = 0; path = Pods_SDWebImage2.framework; sourceTree = BUILT_PRODUCTS_DIR; };
		CB082602AA7F68312924F78B /* Pods-SDWebImage2.debug.xcconfig */ = {isa = PBXFileReference; includeInIndex = 1; lastKnownFileType = text.xcconfig; name = "Pods-SDWebImage2.debug.xcconfig"; path = "Target Support Files/Pods-SDWebImage2/Pods-SDWebImage2.debug.xcconfig"; sourceTree = "<group>"; };
		CC611B8EC925304E4ECBBF61 /* Pods-SDWebImage2.release.xcconfig */ = {isa = PBXFileReference; includeInIndex = 1; lastKnownFileType = text.xcconfig; name = "Pods-SDWebImage2.release.xcconfig"; path = "Target Support Files/Pods-SDWebImage2/Pods-SDWebImage2.release.xcconfig"; sourceTree = "<group>"; };
/* End PBXFileReference section */

/* Begin PBXFrameworksBuildPhase section */
		10C923A72706A95100AFD5B1 /* Frameworks */ = {
			isa = PBXFrameworksBuildPhase;
			buildActionMask = 2147483647;
			files = (
				8804B131C1209E26C5D728E6 /* Pods_SDWebImage2.framework in Frameworks */,
			);
			runOnlyForDeploymentPostprocessing = 0;
		};
/* End PBXFrameworksBuildPhase section */

/* Begin PBXGroup section */
		10C923A12706A95100AFD5B1 = {
			isa = PBXGroup;
			children = (
				10C923AC2706A95100AFD5B1 /* SDWebImage2 */,
				10C923AB2706A95100AFD5B1 /* Products */,
				32D97301A36EF01C1EE555A4 /* Pods */,
				4A16962A37F9A093C1C020C6 /* Frameworks */,
			);
			sourceTree = "<group>";
		};
		10C923AB2706A95100AFD5B1 /* Products */ = {
			isa = PBXGroup;
			children = (
				10C923AA2706A95100AFD5B1 /* SDWebImage2.app */,
			);
			name = Products;
			sourceTree = "<group>";
		};
		10C923AC2706A95100AFD5B1 /* SDWebImage2 */ = {
			isa = PBXGroup;
			children = (
				10C923AD2706A95100AFD5B1 /* AppDelegate.swift */,
				10C923AF2706A95100AFD5B1 /* SceneDelegate.swift */,
				10C923B12706A95100AFD5B1 /* ViewController.swift */,
				10C923B32706A95100AFD5B1 /* Main.storyboard */,
				10C923B62706A95600AFD5B1 /* Assets.xcassets */,
				10C923B82706A95600AFD5B1 /* LaunchScreen.storyboard */,
				10C923BB2706A95600AFD5B1 /* Info.plist */,
			);
			path = SDWebImage2;
			sourceTree = "<group>";
		};
		32D97301A36EF01C1EE555A4 /* Pods */ = {
			isa = PBXGroup;
			children = (
				CB082602AA7F68312924F78B /* Pods-SDWebImage2.debug.xcconfig */,
				CC611B8EC925304E4ECBBF61 /* Pods-SDWebImage2.release.xcconfig */,
			);
			name = Pods;
			path = Pods;
			sourceTree = "<group>";
		};
		4A16962A37F9A093C1C020C6 /* Frameworks */ = {
			isa = PBXGroup;
			children = (
				7A05FD835229A79520915EDF /* Pods_SDWebImage2.framework */,
			);
			name = Frameworks;
			sourceTree = "<group>";
		};
/* End PBXGroup section */

/* Begin PBXNativeTarget section */
		10C923A92706A95100AFD5B1 /* SDWebImage2 */ = {
			isa = PBXNativeTarget;
			buildConfigurationList = 10C923BE2706A95600AFD5B1 /* Build configuration list for PBXNativeTarget "SDWebImage2" */;
			buildPhases = (
				CAC92BA7F2636800049199D3 /* [CP] Check Pods Manifest.lock */,
				10C923A62706A95100AFD5B1 /* Sources */,
				10C923A72706A95100AFD5B1 /* Frameworks */,
				10C923A82706A95100AFD5B1 /* Resources */,
				19CF8829B4DC90582D08DE6C /* [CP] Embed Pods Frameworks */,
			);
			buildRules = (
			);
			dependencies = (
			);
			name = SDWebImage2;
			productName = SDWebImage2;
			productReference = 10C923AA2706A95100AFD5B1 /* SDWebImage2.app */;
			productType = "com.apple.product-type.application";
		};
/* End PBXNativeTarget section */

/* Begin PBXProject section */
		10C923A22706A95100AFD5B1 /* Project object */ = {
			isa = PBXProject;
			attributes = {
				BuildIndependentTargetsInParallel = 1;
				LastSwiftUpdateCheck = 1300;
				LastUpgradeCheck = 1300;
				TargetAttributes = {
					10C923A92706A95100AFD5B1 = {
						CreatedOnToolsVersion = 13.0;
					};
				};
			};
			buildConfigurationList = 10C923A52706A95100AFD5B1 /* Build configuration list for PBXProject "SDWebImage2" */;
			compatibilityVersion = "Xcode 13.0";
			developmentRegion = en;
			hasScannedForEncodings = 0;
			knownRegions = (
				en,
				Base,
			);
			mainGroup = 10C923A12706A95100AFD5B1;
			productRefGroup = 10C923AB2706A95100AFD5B1 /* Products */;
			projectDirPath = "";
			projectRoot = "";
			targets = (
				10C923A92706A95100AFD5B1 /* SDWebImage2 */,
			);
		};
/* End PBXProject section */

/* Begin PBXResourcesBuildPhase section */
		10C923A82706A95100AFD5B1 /* Resources */ = {
			isa = PBXResourcesBuildPhase;
			buildActionMask = 2147483647;
			files = (
				10C923BA2706A95600AFD5B1 /* LaunchScreen.storyboard in Resources */,
				10C923B72706A95600AFD5B1 /* Assets.xcassets in Resources */,
				10C923B52706A95100AFD5B1 /* Main.storyboard in Resources */,
			);
			runOnlyForDeploymentPostprocessing = 0;
		};
/* End PBXResourcesBuildPhase section */

/* Begin PBXShellScriptBuildPhase section */
		19CF8829B4DC90582D08DE6C /* [CP] Embed Pods Frameworks */ = {
			isa = PBXShellScriptBuildPhase;
			buildActionMask = 2147483647;
			files = (
			);
			inputFileListPaths = (
				"${PODS_ROOT}/Target Support Files/Pods-SDWebImage2/Pods-SDWebImage2-frameworks-${CONFIGURATION}-input-files.xcfilelist",
			);
			name = "[CP] Embed Pods Frameworks";
			outputFileListPaths = (
				"${PODS_ROOT}/Target Support Files/Pods-SDWebImage2/Pods-SDWebImage2-frameworks-${CONFIGURATION}-output-files.xcfilelist",
			);
			runOnlyForDeploymentPostprocessing = 0;
			shellPath = /bin/sh;
			shellScript = "\"${PODS_ROOT}/Target Support Files/Pods-SDWebImage2/Pods-SDWebImage2-frameworks.sh\"\n";
			showEnvVarsInLog = 0;
		};
		CAC92BA7F2636800049199D3 /* [CP] Check Pods Manifest.lock */ = {
			isa = PBXShellScriptBuildPhase;
			buildActionMask = 2147483647;
			files = (
			);
			inputFileListPaths = (
			);
			inputPaths = (
				"${PODS_PODFILE_DIR_PATH}/Podfile.lock",
				"${PODS_ROOT}/Manifest.lock",
			);
			name = "[CP] Check Pods Manifest.lock";
			outputFileListPaths = (
			);
			outputPaths = (
				"$(DERIVED_FILE_DIR)/Pods-SDWebImage2-checkManifestLockResult.txt",
			);
			runOnlyForDeploymentPostprocessing = 0;
			shellPath = /bin/sh;
			shellScript = "diff \"${PODS_PODFILE_DIR_PATH}/Podfile.lock\" \"${PODS_ROOT}/Manifest.lock\" > /dev/null\nif [ $? != 0 ] ; then\n    # print error to STDERR\n    echo \"error: The sandbox is not in sync with the Podfile.lock. Run 'pod install' or update your CocoaPods installation.\" >&2\n    exit 1\nfi\n# This output is used by Xcode 'outputs' to avoid re-running this script phase.\necho \"SUCCESS\" > \"${SCRIPT_OUTPUT_FILE_0}\"\n";
			showEnvVarsInLog = 0;
		};
/* End PBXShellScriptBuildPhase section */

/* Begin PBXSourcesBuildPhase section */
		10C923A62706A95100AFD5B1 /* Sources */ = {
			isa = PBXSourcesBuildPhase;
			buildActionMask = 2147483647;
			files = (
				10C923B22706A95100AFD5B1 /* ViewController.swift in Sources */,
				10C923AE2706A95100AFD5B1 /* AppDelegate.swift in Sources */,
				10C923B02706A95100AFD5B1 /* SceneDelegate.swift in Sources */,
			);
			runOnlyForDeploymentPostprocessing = 0;
		};
/* End PBXSourcesBuildPhase section */

/* Begin PBXVariantGroup section */
		10C923B32706A95100AFD5B1 /* Main.storyboard */ = {
			isa = PBXVariantGroup;
			children = (
				10C923B42706A95100AFD5B1 /* Base */,
			);
			name = Main.storyboard;
			sourceTree = "<group>";
		};
		10C923B82706A95600AFD5B1 /* LaunchScreen.storyboard */ = {
			isa = PBXVariantGroup;
			children = (
				10C923B92706A95600AFD5B1 /* Base */,
			);
			name = LaunchScreen.storyboard;
			sourceTree = "<group>";
		};
/* End PBXVariantGroup section */

/* Begin XCBuildConfiguration section */
		10C923BC2706A95600AFD5B1 /* Debug */ = {
			isa = XCBuildConfiguration;
			buildSettings = {
				ALWAYS_SEARCH_USER_PATHS = NO;
				CLANG_ANALYZER_NONNULL = YES;
				CLANG_ANALYZER_NUMBER_OBJECT_CONVERSION = YES_AGGRESSIVE;
				CLANG_CXX_LANGUAGE_STANDARD = "gnu++17";
				CLANG_CXX_LIBRARY = "libc++";
				CLANG_ENABLE_MODULES = YES;
				CLANG_ENABLE_OBJC_ARC = YES;
				CLANG_ENABLE_OBJC_WEAK = YES;
				CLANG_WARN_BLOCK_CAPTURE_AUTORELEASING = YES;
				CLANG_WARN_BOOL_CONVERSION = YES;
				CLANG_WARN_COMMA = YES;
				CLANG_WARN_CONSTANT_CONVERSION = YES;
				CLANG_WARN_DEPRECATED_OBJC_IMPLEMENTATIONS = YES;
				CLANG_WARN_DIRECT_OBJC_ISA_USAGE = YES_ERROR;
				CLANG_WARN_DOCUMENTATION_COMMENTS = YES;
				CLANG_WARN_EMPTY_BODY = YES;
				CLANG_WARN_ENUM_CONVERSION = YES;
				CLANG_WARN_INFINITE_RECURSION = YES;
				CLANG_WARN_INT_CONVERSION = YES;
				CLANG_WARN_NON_LITERAL_NULL_CONVERSION = YES;
				CLANG_WARN_OBJC_IMPLICIT_RETAIN_SELF = YES;
				CLANG_WARN_OBJC_LITERAL_CONVERSION = YES;
				CLANG_WARN_OBJC_ROOT_CLASS = YES_ERROR;
				CLANG_WARN_QUOTED_INCLUDE_IN_FRAMEWORK_HEADER = YES;
				CLANG_WARN_RANGE_LOOP_ANALYSIS = YES;
				CLANG_WARN_STRICT_PROTOTYPES = YES;
				CLANG_WARN_SUSPICIOUS_MOVE = YES;
				CLANG_WARN_UNGUARDED_AVAILABILITY = YES_AGGRESSIVE;
				CLANG_WARN_UNREACHABLE_CODE = YES;
				CLANG_WARN__DUPLICATE_METHOD_MATCH = YES;
				COPY_PHASE_STRIP = NO;
				DEBUG_INFORMATION_FORMAT = dwarf;
				ENABLE_STRICT_OBJC_MSGSEND = YES;
				ENABLE_TESTABILITY = YES;
				GCC_C_LANGUAGE_STANDARD = gnu11;
				GCC_DYNAMIC_NO_PIC = NO;
				GCC_NO_COMMON_BLOCKS = YES;
				GCC_OPTIMIZATION_LEVEL = 0;
				GCC_PREPROCESSOR_DEFINITIONS = (
					"DEBUG=1",
					"$(inherited)",
				);
				GCC_WARN_64_TO_32_BIT_CONVERSION = YES;
				GCC_WARN_ABOUT_RETURN_TYPE = YES_ERROR;
				GCC_WARN_UNDECLARED_SELECTOR = YES;
				GCC_WARN_UNINITIALIZED_AUTOS = YES_AGGRESSIVE;
				GCC_WARN_UNUSED_FUNCTION = YES;
				GCC_WARN_UNUSED_VARIABLE = YES;
				IPHONEOS_DEPLOYMENT_TARGET = 15.0;
				MTL_ENABLE_DEBUG_INFO = INCLUDE_SOURCE;
				MTL_FAST_MATH = YES;
				ONLY_ACTIVE_ARCH = YES;
				SDKROOT = iphoneos;
				SWIFT_ACTIVE_COMPILATION_CONDITIONS = DEBUG;
				SWIFT_OPTIMIZATION_LEVEL = "-Onone";
			};
			name = Debug;
		};
		10C923BD2706A95600AFD5B1 /* Release */ = {
			isa = XCBuildConfiguration;
			buildSettings = {
				ALWAYS_SEARCH_USER_PATHS = NO;
				CLANG_ANALYZER_NONNULL = YES;
				CLANG_ANALYZER_NUMBER_OBJECT_CONVERSION = YES_AGGRESSIVE;
				CLANG_CXX_LANGUAGE_STANDARD = "gnu++17";
				CLANG_CXX_LIBRARY = "libc++";
				CLANG_ENABLE_MODULES = YES;
				CLANG_ENABLE_OBJC_ARC = YES;
				CLANG_ENABLE_OBJC_WEAK = YES;
				CLANG_WARN_BLOCK_CAPTURE_AUTORELEASING = YES;
				CLANG_WARN_BOOL_CONVERSION = YES;
				CLANG_WARN_COMMA = YES;
				CLANG_WARN_CONSTANT_CONVERSION = YES;
				CLANG_WARN_DEPRECATED_OBJC_IMPLEMENTATIONS = YES;
				CLANG_WARN_DIRECT_OBJC_ISA_USAGE = YES_ERROR;
				CLANG_WARN_DOCUMENTATION_COMMENTS = YES;
				CLANG_WARN_EMPTY_BODY = YES;
				CLANG_WARN_ENUM_CONVERSION = YES;
				CLANG_WARN_INFINITE_RECURSION = YES;
				CLANG_WARN_INT_CONVERSION = YES;
				CLANG_WARN_NON_LITERAL_NULL_CONVERSION = YES;
				CLANG_WARN_OBJC_IMPLICIT_RETAIN_SELF = YES;
				CLANG_WARN_OBJC_LITERAL_CONVERSION = YES;
				CLANG_WARN_OBJC_ROOT_CLASS = YES_ERROR;
				CLANG_WARN_QUOTED_INCLUDE_IN_FRAMEWORK_HEADER = YES;
				CLANG_WARN_RANGE_LOOP_ANALYSIS = YES;
				CLANG_WARN_STRICT_PROTOTYPES = YES;
				CLANG_WARN_SUSPICIOUS_MOVE = YES;
				CLANG_WARN_UNGUARDED_AVAILABILITY = YES_AGGRESSIVE;
				CLANG_WARN_UNREACHABLE_CODE = YES;
				CLANG_WARN__DUPLICATE_METHOD_MATCH = YES;
				COPY_PHASE_STRIP = NO;
				DEBUG_INFORMATION_FORMAT = "dwarf-with-dsym";
				ENABLE_NS_ASSERTIONS = NO;
				ENABLE_STRICT_OBJC_MSGSEND = YES;
				GCC_C_LANGUAGE_STANDARD = gnu11;
				GCC_NO_COMMON_BLOCKS = YES;
				GCC_WARN_64_TO_32_BIT_CONVERSION = YES;
				GCC_WARN_ABOUT_RETURN_TYPE = YES_ERROR;
				GCC_WARN_UNDECLARED_SELECTOR = YES;
				GCC_WARN_UNINITIALIZED_AUTOS = YES_AGGRESSIVE;
				GCC_WARN_UNUSED_FUNCTION = YES;
				GCC_WARN_UNUSED_VARIABLE = YES;
				IPHONEOS_DEPLOYMENT_TARGET = 15.0;
				MTL_ENABLE_DEBUG_INFO = NO;
				MTL_FAST_MATH = YES;
				SDKROOT = iphoneos;
				SWIFT_COMPILATION_MODE = wholemodule;
				SWIFT_OPTIMIZATION_LEVEL = "-O";
				VALIDATE_PRODUCT = YES;
			};
			name = Release;
		};
		10C923BF2706A95600AFD5B1 /* Debug */ = {
			isa = XCBuildConfiguration;
			baseConfigurationReference = CB082602AA7F68312924F78B /* Pods-SDWebImage2.debug.xcconfig */;
			buildSettings = {
				ASSETCATALOG_COMPILER_APPICON_NAME = AppIcon;
				ASSETCATALOG_COMPILER_GLOBAL_ACCENT_COLOR_NAME = AccentColor;
				CODE_SIGN_STYLE = Automatic;
				CURRENT_PROJECT_VERSION = 1;
				DEVELOPMENT_TEAM = 57VR937JFN;
				GENERATE_INFOPLIST_FILE = YES;
				INFOPLIST_FILE = SDWebImage2/Info.plist;
				INFOPLIST_KEY_UIApplicationSupportsIndirectInputEvents = YES;
				INFOPLIST_KEY_UILaunchStoryboardName = LaunchScreen;
				INFOPLIST_KEY_UIMainStoryboardFile = Main;
				INFOPLIST_KEY_UISupportedInterfaceOrientations_iPad = "UIInterfaceOrientationPortrait UIInterfaceOrientationPortraitUpsideDown UIInterfaceOrientationLandscapeLeft UIInterfaceOrientationLandscapeRight";
				INFOPLIST_KEY_UISupportedInterfaceOrientations_iPhone = "UIInterfaceOrientationPortrait UIInterfaceOrientationLandscapeLeft UIInterfaceOrientationLandscapeRight";
				IPHONEOS_DEPLOYMENT_TARGET = 13.0;
				LD_RUNPATH_SEARCH_PATHS = (
					"$(inherited)",
					"@executable_path/Frameworks",
				);
				MARKETING_VERSION = 1.0;
				PRODUCT_BUNDLE_IDENTIFIER = com.hyeji.SDWebImage2;
				PRODUCT_NAME = "$(TARGET_NAME)";
				SWIFT_EMIT_LOC_STRINGS = YES;
				SWIFT_VERSION = 5.0;
				TARGETED_DEVICE_FAMILY = "1,2";
			};
			name = Debug;
		};
		10C923C02706A95600AFD5B1 /* Release */ = {
			isa = XCBuildConfiguration;
			baseConfigurationReference = CC611B8EC925304E4ECBBF61 /* Pods-SDWebImage2.release.xcconfig */;
			buildSettings = {
				ASSETCATALOG_COMPILER_APPICON_NAME = AppIcon;
				ASSETCATALOG_COMPILER_GLOBAL_ACCENT_COLOR_NAME = AccentColor;
				CODE_SIGN_STYLE = Automatic;
				CURRENT_PROJECT_VERSION = 1;
				DEVELOPMENT_TEAM = 57VR937JFN;
				GENERATE_INFOPLIST_FILE = YES;
				INFOPLIST_FILE = SDWebImage2/Info.plist;
				INFOPLIST_KEY_UIApplicationSupportsIndirectInputEvents = YES;
				INFOPLIST_KEY_UILaunchStoryboardName = LaunchScreen;
				INFOPLIST_KEY_UIMainStoryboardFile = Main;
				INFOPLIST_KEY_UISupportedInterfaceOrientations_iPad = "UIInterfaceOrientationPortrait UIInterfaceOrientationPortraitUpsideDown UIInterfaceOrientationLandscapeLeft UIInterfaceOrientationLandscapeRight";
				INFOPLIST_KEY_UISupportedInterfaceOrientations_iPhone = "UIInterfaceOrientationPortrait UIInterfaceOrientationLandscapeLeft UIInterfaceOrientationLandscapeRight";
				IPHONEOS_DEPLOYMENT_TARGET = 13.0;
				LD_RUNPATH_SEARCH_PATHS = (
					"$(inherited)",
					"@executable_path/Frameworks",
				);
				MARKETING_VERSION = 1.0;
				PRODUCT_BUNDLE_IDENTIFIER = com.hyeji.SDWebImage2;
				PRODUCT_NAME = "$(TARGET_NAME)";
				SWIFT_EMIT_LOC_STRINGS = YES;
				SWIFT_VERSION = 5.0;
				TARGETED_DEVICE_FAMILY = "1,2";
			};
			name = Release;
		};
/* End XCBuildConfiguration section */

/* Begin XCConfigurationList section */
		10C923A52706A95100AFD5B1 /* Build configuration list for PBXProject "SDWebImage2" */ = {
			isa = XCConfigurationList;
			buildConfigurations = (
				10C923BC2706A95600AFD5B1 /* Debug */,
				10C923BD2706A95600AFD5B1 /* Release */,
			);
			defaultConfigurationIsVisible = 0;
			defaultConfigurationName = Release;
		};
		10C923BE2706A95600AFD5B1 /* Build configuration list for PBXNativeTarget "SDWebImage2" */ = {
			isa = XCConfigurationList;
			buildConfigurations = (
				10C923BF2706A95600AFD5B1 /* Debug */,
				10C923C02706A95600AFD5B1 /* Release */,
			);
			defaultConfigurationIsVisible = 0;
			defaultConfigurationName = Release;
		};
/* End XCConfigurationList section */
	};
	rootObject = 10C923A22706A95100AFD5B1 /* Project object */;
}
