// !$*UTF8*$!
{
	archiveVersion = 1;
	classes = {
	};
	objectVersion = 51;
	objects = {

/* Begin PBXBuildFile section */
		36792422E1B79645B5A68F35 /* Pods_OrderRnD.framework in Frameworks */ = {isa = PBXBuildFile; fileRef = 85D23F1C91F245F5C757FDA9 /* Pods_OrderRnD.framework */; };
		857F1C2426B26EDF0028D3BC /* AppDelegate.swift in Sources */ = {isa = PBXBuildFile; fileRef = 857F1C2326B26EDF0028D3BC /* AppDelegate.swift */; };
		857F1C2626B26EDF0028D3BC /* SceneDelegate.swift in Sources */ = {isa = PBXBuildFile; fileRef = 857F1C2526B26EDF0028D3BC /* SceneDelegate.swift */; };
		857F1C2B26B26EDF0028D3BC /* Main.storyboard in Resources */ = {isa = PBXBuildFile; fileRef = 857F1C2926B26EDF0028D3BC /* Main.storyboard */; };
		857F1C2D26B26EE20028D3BC /* Assets.xcassets in Resources */ = {isa = PBXBuildFile; fileRef = 857F1C2C26B26EE20028D3BC /* Assets.xcassets */; };
		857F1C3026B26EE20028D3BC /* LaunchScreen.storyboard in Resources */ = {isa = PBXBuildFile; fileRef = 857F1C2E26B26EE20028D3BC /* LaunchScreen.storyboard */; };
		857F1C3826B270B00028D3BC /* OrderTableViewController.swift in Sources */ = {isa = PBXBuildFile; fileRef = 857F1C3726B270B00028D3BC /* OrderTableViewController.swift */; };
		857F1C3E26B276210028D3BC /* TabBarController.swift in Sources */ = {isa = PBXBuildFile; fileRef = 857F1C3D26B276210028D3BC /* TabBarController.swift */; };
		857F1C6226B285600028D3BC /* OrderCategoryTableViewCell.swift in Sources */ = {isa = PBXBuildFile; fileRef = 857F1C6126B285600028D3BC /* OrderCategoryTableViewCell.swift */; };
/* End PBXBuildFile section */

/* Begin PBXFileReference section */
		78FF520D7BF913C0E85241FC /* Pods-OrderRnD.release.xcconfig */ = {isa = PBXFileReference; includeInIndex = 1; lastKnownFileType = text.xcconfig; name = "Pods-OrderRnD.release.xcconfig"; path = "Target Support Files/Pods-OrderRnD/Pods-OrderRnD.release.xcconfig"; sourceTree = "<group>"; };
		857F1C2026B26EDF0028D3BC /* OrderRnD.app */ = {isa = PBXFileReference; explicitFileType = wrapper.application; includeInIndex = 0; path = OrderRnD.app; sourceTree = BUILT_PRODUCTS_DIR; };
		857F1C2326B26EDF0028D3BC /* AppDelegate.swift */ = {isa = PBXFileReference; lastKnownFileType = sourcecode.swift; path = AppDelegate.swift; sourceTree = "<group>"; };
		857F1C2526B26EDF0028D3BC /* SceneDelegate.swift */ = {isa = PBXFileReference; lastKnownFileType = sourcecode.swift; path = SceneDelegate.swift; sourceTree = "<group>"; };
		857F1C2A26B26EDF0028D3BC /* Base */ = {isa = PBXFileReference; lastKnownFileType = file.storyboard; name = Base; path = Base.lproj/Main.storyboard; sourceTree = "<group>"; };
		857F1C2C26B26EE20028D3BC /* Assets.xcassets */ = {isa = PBXFileReference; lastKnownFileType = folder.assetcatalog; path = Assets.xcassets; sourceTree = "<group>"; };
		857F1C2F26B26EE20028D3BC /* Base */ = {isa = PBXFileReference; lastKnownFileType = file.storyboard; name = Base; path = Base.lproj/LaunchScreen.storyboard; sourceTree = "<group>"; };
		857F1C3126B26EE20028D3BC /* Info.plist */ = {isa = PBXFileReference; lastKnownFileType = text.plist.xml; path = Info.plist; sourceTree = "<group>"; };
		857F1C3726B270B00028D3BC /* OrderTableViewController.swift */ = {isa = PBXFileReference; lastKnownFileType = sourcecode.swift; path = OrderTableViewController.swift; sourceTree = "<group>"; };
		857F1C3D26B276210028D3BC /* TabBarController.swift */ = {isa = PBXFileReference; lastKnownFileType = sourcecode.swift; path = TabBarController.swift; sourceTree = "<group>"; };
		857F1C6126B285600028D3BC /* OrderCategoryTableViewCell.swift */ = {isa = PBXFileReference; lastKnownFileType = sourcecode.swift; path = OrderCategoryTableViewCell.swift; sourceTree = "<group>"; };
		85D23F1C91F245F5C757FDA9 /* Pods_OrderRnD.framework */ = {isa = PBXFileReference; explicitFileType = wrapper.framework; includeInIndex = 0; path = Pods_OrderRnD.framework; sourceTree = BUILT_PRODUCTS_DIR; };
		93B66C2537B246191C1CB059 /* Pods-OrderRnD.debug.xcconfig */ = {isa = PBXFileReference; includeInIndex = 1; lastKnownFileType = text.xcconfig; name = "Pods-OrderRnD.debug.xcconfig"; path = "Target Support Files/Pods-OrderRnD/Pods-OrderRnD.debug.xcconfig"; sourceTree = "<group>"; };
/* End PBXFileReference section */

/* Begin PBXFrameworksBuildPhase section */
		857F1C1D26B26EDF0028D3BC /* Frameworks */ = {
			isa = PBXFrameworksBuildPhase;
			buildActionMask = 2147483647;
			files = (
				36792422E1B79645B5A68F35 /* Pods_OrderRnD.framework in Frameworks */,
			);
			runOnlyForDeploymentPostprocessing = 0;
		};
/* End PBXFrameworksBuildPhase section */

/* Begin PBXGroup section */
		857F1C1726B26EDF0028D3BC = {
			isa = PBXGroup;
			children = (
				857F1C2226B26EDF0028D3BC /* OrderRnD */,
				857F1C2126B26EDF0028D3BC /* Products */,
				A611EADDB0D63B527BED0C83 /* Pods */,
				E24DFD81AEF496E429FD6E13 /* Frameworks */,
			);
			sourceTree = "<group>";
		};
		857F1C2126B26EDF0028D3BC /* Products */ = {
			isa = PBXGroup;
			children = (
				857F1C2026B26EDF0028D3BC /* OrderRnD.app */,
			);
			name = Products;
			sourceTree = "<group>";
		};
		857F1C2226B26EDF0028D3BC /* OrderRnD */ = {
			isa = PBXGroup;
			children = (
				857F1C2326B26EDF0028D3BC /* AppDelegate.swift */,
				857F1C2526B26EDF0028D3BC /* SceneDelegate.swift */,
				857F1C2926B26EDF0028D3BC /* Main.storyboard */,
				857F1C2C26B26EE20028D3BC /* Assets.xcassets */,
				857F1C2E26B26EE20028D3BC /* LaunchScreen.storyboard */,
				857F1C3126B26EE20028D3BC /* Info.plist */,
				857F1C3726B270B00028D3BC /* OrderTableViewController.swift */,
				857F1C3D26B276210028D3BC /* TabBarController.swift */,
				857F1C6126B285600028D3BC /* OrderCategoryTableViewCell.swift */,
			);
			path = OrderRnD;
			sourceTree = "<group>";
		};
		A611EADDB0D63B527BED0C83 /* Pods */ = {
			isa = PBXGroup;
			children = (
				93B66C2537B246191C1CB059 /* Pods-OrderRnD.debug.xcconfig */,
				78FF520D7BF913C0E85241FC /* Pods-OrderRnD.release.xcconfig */,
			);
			path = Pods;
			sourceTree = "<group>";
		};
		E24DFD81AEF496E429FD6E13 /* Frameworks */ = {
			isa = PBXGroup;
			children = (
				85D23F1C91F245F5C757FDA9 /* Pods_OrderRnD.framework */,
			);
			name = Frameworks;
			sourceTree = "<group>";
		};
/* End PBXGroup section */

/* Begin PBXNativeTarget section */
		857F1C1F26B26EDF0028D3BC /* OrderRnD */ = {
			isa = PBXNativeTarget;
			buildConfigurationList = 857F1C3426B26EE20028D3BC /* Build configuration list for PBXNativeTarget "OrderRnD" */;
			buildPhases = (
				726176801AF8E8CA38FCC1B0 /* [CP] Check Pods Manifest.lock */,
				857F1C1C26B26EDF0028D3BC /* Sources */,
				857F1C1D26B26EDF0028D3BC /* Frameworks */,
				857F1C1E26B26EDF0028D3BC /* Resources */,
				D2F62540623EFC6A1E99F8DE /* [CP] Embed Pods Frameworks */,
			);
			buildRules = (
			);
			dependencies = (
			);
			name = OrderRnD;
			productName = OrderRnD;
			productReference = 857F1C2026B26EDF0028D3BC /* OrderRnD.app */;
			productType = "com.apple.product-type.application";
		};
/* End PBXNativeTarget section */

/* Begin PBXProject section */
		857F1C1826B26EDF0028D3BC /* Project object */ = {
			isa = PBXProject;
			attributes = {
				LastSwiftUpdateCheck = 1250;
				LastUpgradeCheck = 1250;
				TargetAttributes = {
					857F1C1F26B26EDF0028D3BC = {
						CreatedOnToolsVersion = 12.5.1;
					};
				};
			};
			buildConfigurationList = 857F1C1B26B26EDF0028D3BC /* Build configuration list for PBXProject "OrderRnD" */;
			compatibilityVersion = "Xcode 9.3";
			developmentRegion = en;
			hasScannedForEncodings = 0;
			knownRegions = (
				en,
				Base,
			);
			mainGroup = 857F1C1726B26EDF0028D3BC;
			productRefGroup = 857F1C2126B26EDF0028D3BC /* Products */;
			projectDirPath = "";
			projectRoot = "";
			targets = (
				857F1C1F26B26EDF0028D3BC /* OrderRnD */,
			);
		};
/* End PBXProject section */

/* Begin PBXResourcesBuildPhase section */
		857F1C1E26B26EDF0028D3BC /* Resources */ = {
			isa = PBXResourcesBuildPhase;
			buildActionMask = 2147483647;
			files = (
				857F1C3026B26EE20028D3BC /* LaunchScreen.storyboard in Resources */,
				857F1C2D26B26EE20028D3BC /* Assets.xcassets in Resources */,
				857F1C2B26B26EDF0028D3BC /* Main.storyboard in Resources */,
			);
			runOnlyForDeploymentPostprocessing = 0;
		};
/* End PBXResourcesBuildPhase section */

/* Begin PBXShellScriptBuildPhase section */
		726176801AF8E8CA38FCC1B0 /* [CP] Check Pods Manifest.lock */ = {
			isa = PBXShellScriptBuildPhase;
			buildActionMask = 2147483647;
			files = (
			);
			inputFileListPaths = (
			);
			inputPaths = (
				"${PODS_PODFILE_DIR_PATH}/Podfile.lock",
				"${PODS_ROOT}/Manifest.lock",
			);
			name = "[CP] Check Pods Manifest.lock";
			outputFileListPaths = (
			);
			outputPaths = (
				"$(DERIVED_FILE_DIR)/Pods-OrderRnD-checkManifestLockResult.txt",
			);
			runOnlyForDeploymentPostprocessing = 0;
			shellPath = /bin/sh;
			shellScript = "diff \"${PODS_PODFILE_DIR_PATH}/Podfile.lock\" \"${PODS_ROOT}/Manifest.lock\" > /dev/null\nif [ $? != 0 ] ; then\n    # print error to STDERR\n    echo \"error: The sandbox is not in sync with the Podfile.lock. Run 'pod install' or update your CocoaPods installation.\" >&2\n    exit 1\nfi\n# This output is used by Xcode 'outputs' to avoid re-running this script phase.\necho \"SUCCESS\" > \"${SCRIPT_OUTPUT_FILE_0}\"\n";
			showEnvVarsInLog = 0;
		};
		D2F62540623EFC6A1E99F8DE /* [CP] Embed Pods Frameworks */ = {
			isa = PBXShellScriptBuildPhase;
			buildActionMask = 2147483647;
			files = (
			);
			inputFileListPaths = (
				"${PODS_ROOT}/Target Support Files/Pods-OrderRnD/Pods-OrderRnD-frameworks-${CONFIGURATION}-input-files.xcfilelist",
			);
			name = "[CP] Embed Pods Frameworks";
			outputFileListPaths = (
				"${PODS_ROOT}/Target Support Files/Pods-OrderRnD/Pods-OrderRnD-frameworks-${CONFIGURATION}-output-files.xcfilelist",
			);
			runOnlyForDeploymentPostprocessing = 0;
			shellPath = /bin/sh;
			shellScript = "\"${PODS_ROOT}/Target Support Files/Pods-OrderRnD/Pods-OrderRnD-frameworks.sh\"\n";
			showEnvVarsInLog = 0;
		};
/* End PBXShellScriptBuildPhase section */

/* Begin PBXSourcesBuildPhase section */
		857F1C1C26B26EDF0028D3BC /* Sources */ = {
			isa = PBXSourcesBuildPhase;
			buildActionMask = 2147483647;
			files = (
				857F1C6226B285600028D3BC /* OrderCategoryTableViewCell.swift in Sources */,
				857F1C2426B26EDF0028D3BC /* AppDelegate.swift in Sources */,
				857F1C3E26B276210028D3BC /* TabBarController.swift in Sources */,
				857F1C3826B270B00028D3BC /* OrderTableViewController.swift in Sources */,
				857F1C2626B26EDF0028D3BC /* SceneDelegate.swift in Sources */,
			);
			runOnlyForDeploymentPostprocessing = 0;
		};
/* End PBXSourcesBuildPhase section */

/* Begin PBXVariantGroup section */
		857F1C2926B26EDF0028D3BC /* Main.storyboard */ = {
			isa = PBXVariantGroup;
			children = (
				857F1C2A26B26EDF0028D3BC /* Base */,
			);
			name = Main.storyboard;
			sourceTree = "<group>";
		};
		857F1C2E26B26EE20028D3BC /* LaunchScreen.storyboard */ = {
			isa = PBXVariantGroup;
			children = (
				857F1C2F26B26EE20028D3BC /* Base */,
			);
			name = LaunchScreen.storyboard;
			sourceTree = "<group>";
		};
/* End PBXVariantGroup section */

/* Begin XCBuildConfiguration section */
		857F1C3226B26EE20028D3BC /* Debug */ = {
			isa = XCBuildConfiguration;
			buildSettings = {
				ALWAYS_SEARCH_USER_PATHS = NO;
				CLANG_ANALYZER_NONNULL = YES;
				CLANG_ANALYZER_NUMBER_OBJECT_CONVERSION = YES_AGGRESSIVE;
				CLANG_CXX_LANGUAGE_STANDARD = "gnu++14";
				CLANG_CXX_LIBRARY = "libc++";
				CLANG_ENABLE_MODULES = YES;
				CLANG_ENABLE_OBJC_ARC = YES;
				CLANG_ENABLE_OBJC_WEAK = YES;
				CLANG_WARN_BLOCK_CAPTURE_AUTORELEASING = YES;
				CLANG_WARN_BOOL_CONVERSION = YES;
				CLANG_WARN_COMMA = YES;
				CLANG_WARN_CONSTANT_CONVERSION = YES;
				CLANG_WARN_DEPRECATED_OBJC_IMPLEMENTATIONS = YES;
				CLANG_WARN_DIRECT_OBJC_ISA_USAGE = YES_ERROR;
				CLANG_WARN_DOCUMENTATION_COMMENTS = YES;
				CLANG_WARN_EMPTY_BODY = YES;
				CLANG_WARN_ENUM_CONVERSION = YES;
				CLANG_WARN_INFINITE_RECURSION = YES;
				CLANG_WARN_INT_CONVERSION = YES;
				CLANG_WARN_NON_LITERAL_NULL_CONVERSION = YES;
				CLANG_WARN_OBJC_IMPLICIT_RETAIN_SELF = YES;
				CLANG_WARN_OBJC_LITERAL_CONVERSION = YES;
				CLANG_WARN_OBJC_ROOT_CLASS = YES_ERROR;
				CLANG_WARN_QUOTED_INCLUDE_IN_FRAMEWORK_HEADER = YES;
				CLANG_WARN_RANGE_LOOP_ANALYSIS = YES;
				CLANG_WARN_STRICT_PROTOTYPES = YES;
				CLANG_WARN_SUSPICIOUS_MOVE = YES;
				CLANG_WARN_UNGUARDED_AVAILABILITY = YES_AGGRESSIVE;
				CLANG_WARN_UNREACHABLE_CODE = YES;
				CLANG_WARN__DUPLICATE_METHOD_MATCH = YES;
				COPY_PHASE_STRIP = NO;
				DEBUG_INFORMATION_FORMAT = dwarf;
				ENABLE_STRICT_OBJC_MSGSEND = YES;
				ENABLE_TESTABILITY = YES;
				GCC_C_LANGUAGE_STANDARD = gnu11;
				GCC_DYNAMIC_NO_PIC = NO;
				GCC_NO_COMMON_BLOCKS = YES;
				GCC_OPTIMIZATION_LEVEL = 0;
				GCC_PREPROCESSOR_DEFINITIONS = (
					"DEBUG=1",
					"$(inherited)",
				);
				GCC_WARN_64_TO_32_BIT_CONVERSION = YES;
				GCC_WARN_ABOUT_RETURN_TYPE = YES_ERROR;
				GCC_WARN_UNDECLARED_SELECTOR = YES;
				GCC_WARN_UNINITIALIZED_AUTOS = YES_AGGRESSIVE;
				GCC_WARN_UNUSED_FUNCTION = YES;
				GCC_WARN_UNUSED_VARIABLE = YES;
				IPHONEOS_DEPLOYMENT_TARGET = 14.5;
				MTL_ENABLE_DEBUG_INFO = INCLUDE_SOURCE;
				MTL_FAST_MATH = YES;
				ONLY_ACTIVE_ARCH = YES;
				SDKROOT = iphoneos;
				SWIFT_ACTIVE_COMPILATION_CONDITIONS = DEBUG;
				SWIFT_OPTIMIZATION_LEVEL = "-Onone";
			};
			name = Debug;
		};
		857F1C3326B26EE20028D3BC /* Release */ = {
			isa = XCBuildConfiguration;
			buildSettings = {
				ALWAYS_SEARCH_USER_PATHS = NO;
				CLANG_ANALYZER_NONNULL = YES;
				CLANG_ANALYZER_NUMBER_OBJECT_CONVERSION = YES_AGGRESSIVE;
				CLANG_CXX_LANGUAGE_STANDARD = "gnu++14";
				CLANG_CXX_LIBRARY = "libc++";
				CLANG_ENABLE_MODULES = YES;
				CLANG_ENABLE_OBJC_ARC = YES;
				CLANG_ENABLE_OBJC_WEAK = YES;
				CLANG_WARN_BLOCK_CAPTURE_AUTORELEASING = YES;
				CLANG_WARN_BOOL_CONVERSION = YES;
				CLANG_WARN_COMMA = YES;
				CLANG_WARN_CONSTANT_CONVERSION = YES;
				CLANG_WARN_DEPRECATED_OBJC_IMPLEMENTATIONS = YES;
				CLANG_WARN_DIRECT_OBJC_ISA_USAGE = YES_ERROR;
				CLANG_WARN_DOCUMENTATION_COMMENTS = YES;
				CLANG_WARN_EMPTY_BODY = YES;
				CLANG_WARN_ENUM_CONVERSION = YES;
				CLANG_WARN_INFINITE_RECURSION = YES;
				CLANG_WARN_INT_CONVERSION = YES;
				CLANG_WARN_NON_LITERAL_NULL_CONVERSION = YES;
				CLANG_WARN_OBJC_IMPLICIT_RETAIN_SELF = YES;
				CLANG_WARN_OBJC_LITERAL_CONVERSION = YES;
				CLANG_WARN_OBJC_ROOT_CLASS = YES_ERROR;
				CLANG_WARN_QUOTED_INCLUDE_IN_FRAMEWORK_HEADER = YES;
				CLANG_WARN_RANGE_LOOP_ANALYSIS = YES;
				CLANG_WARN_STRICT_PROTOTYPES = YES;
				CLANG_WARN_SUSPICIOUS_MOVE = YES;
				CLANG_WARN_UNGUARDED_AVAILABILITY = YES_AGGRESSIVE;
				CLANG_WARN_UNREACHABLE_CODE = YES;
				CLANG_WARN__DUPLICATE_METHOD_MATCH = YES;
				COPY_PHASE_STRIP = NO;
				DEBUG_INFORMATION_FORMAT = "dwarf-with-dsym";
				ENABLE_NS_ASSERTIONS = NO;
				ENABLE_STRICT_OBJC_MSGSEND = YES;
				GCC_C_LANGUAGE_STANDARD = gnu11;
				GCC_NO_COMMON_BLOCKS = YES;
				GCC_WARN_64_TO_32_BIT_CONVERSION = YES;
				GCC_WARN_ABOUT_RETURN_TYPE = YES_ERROR;
				GCC_WARN_UNDECLARED_SELECTOR = YES;
				GCC_WARN_UNINITIALIZED_AUTOS = YES_AGGRESSIVE;
				GCC_WARN_UNUSED_FUNCTION = YES;
				GCC_WARN_UNUSED_VARIABLE = YES;
				IPHONEOS_DEPLOYMENT_TARGET = 14.5;
				MTL_ENABLE_DEBUG_INFO = NO;
				MTL_FAST_MATH = YES;
				SDKROOT = iphoneos;
				SWIFT_COMPILATION_MODE = wholemodule;
				SWIFT_OPTIMIZATION_LEVEL = "-O";
				VALIDATE_PRODUCT = YES;
			};
			name = Release;
		};
		857F1C3526B26EE20028D3BC /* Debug */ = {
			isa = XCBuildConfiguration;
			baseConfigurationReference = 93B66C2537B246191C1CB059 /* Pods-OrderRnD.debug.xcconfig */;
			buildSettings = {
				ASSETCATALOG_COMPILER_APPICON_NAME = AppIcon;
				ASSETCATALOG_COMPILER_GLOBAL_ACCENT_COLOR_NAME = AccentColor;
				CODE_SIGN_STYLE = Automatic;
				DEVELOPMENT_TEAM = 555WD7N8WG;
				INFOPLIST_FILE = OrderRnD/Info.plist;
				IPHONEOS_DEPLOYMENT_TARGET = 13.0;
				LD_RUNPATH_SEARCH_PATHS = (
					"$(inherited)",
					"@executable_path/Frameworks",
				);
				PRODUCT_BUNDLE_IDENTIFIER = com.hyeji.OrderRnD;
				PRODUCT_NAME = "$(TARGET_NAME)";
				SWIFT_VERSION = 5.0;
				TARGETED_DEVICE_FAMILY = "1,2";
			};
			name = Debug;
		};
		857F1C3626B26EE20028D3BC /* Release */ = {
			isa = XCBuildConfiguration;
			baseConfigurationReference = 78FF520D7BF913C0E85241FC /* Pods-OrderRnD.release.xcconfig */;
			buildSettings = {
				ASSETCATALOG_COMPILER_APPICON_NAME = AppIcon;
				ASSETCATALOG_COMPILER_GLOBAL_ACCENT_COLOR_NAME = AccentColor;
				CODE_SIGN_STYLE = Automatic;
				DEVELOPMENT_TEAM = 555WD7N8WG;
				INFOPLIST_FILE = OrderRnD/Info.plist;
				IPHONEOS_DEPLOYMENT_TARGET = 13.0;
				LD_RUNPATH_SEARCH_PATHS = (
					"$(inherited)",
					"@executable_path/Frameworks",
				);
				PRODUCT_BUNDLE_IDENTIFIER = com.hyeji.OrderRnD;
				PRODUCT_NAME = "$(TARGET_NAME)";
				SWIFT_VERSION = 5.0;
				TARGETED_DEVICE_FAMILY = "1,2";
			};
			name = Release;
		};
/* End XCBuildConfiguration section */

/* Begin XCConfigurationList section */
		857F1C1B26B26EDF0028D3BC /* Build configuration list for PBXProject "OrderRnD" */ = {
			isa = XCConfigurationList;
			buildConfigurations = (
				857F1C3226B26EE20028D3BC /* Debug */,
				857F1C3326B26EE20028D3BC /* Release */,
			);
			defaultConfigurationIsVisible = 0;
			defaultConfigurationName = Release;
		};
		857F1C3426B26EE20028D3BC /* Build configuration list for PBXNativeTarget "OrderRnD" */ = {
			isa = XCConfigurationList;
			buildConfigurations = (
				857F1C3526B26EE20028D3BC /* Debug */,
				857F1C3626B26EE20028D3BC /* Release */,
			);
			defaultConfigurationIsVisible = 0;
			defaultConfigurationName = Release;
		};
/* End XCConfigurationList section */
	};
	rootObject = 857F1C1826B26EDF0028D3BC /* Project object */;
}
