// !$*UTF8*$!
{
	archiveVersion = 1;
	classes = {
	};
	objectVersion = 51;
	objects = {

/* Begin PBXBuildFile section */
		336B7326FC3A544ADF222E66 /* Pods_PagingKit.framework in Frameworks */ = {isa = PBXBuildFile; fileRef = ED9FEE6F2420417CC52EE0FD /* Pods_PagingKit.framework */; };
		852CF27226B2E13B000029AD /* AppDelegate.swift in Sources */ = {isa = PBXBuildFile; fileRef = 852CF27126B2E13B000029AD /* AppDelegate.swift */; };
		852CF27426B2E13B000029AD /* SceneDelegate.swift in Sources */ = {isa = PBXBuildFile; fileRef = 852CF27326B2E13B000029AD /* SceneDelegate.swift */; };
		852CF27626B2E13B000029AD /* ViewController.swift in Sources */ = {isa = PBXBuildFile; fileRef = 852CF27526B2E13B000029AD /* ViewController.swift */; };
		852CF27926B2E13B000029AD /* Main.storyboard in Resources */ = {isa = PBXBuildFile; fileRef = 852CF27726B2E13B000029AD /* Main.storyboard */; };
		852CF27B26B2E13D000029AD /* Assets.xcassets in Resources */ = {isa = PBXBuildFile; fileRef = 852CF27A26B2E13D000029AD /* Assets.xcassets */; };
		852CF27E26B2E13D000029AD /* LaunchScreen.storyboard in Resources */ = {isa = PBXBuildFile; fileRef = 852CF27C26B2E13D000029AD /* LaunchScreen.storyboard */; };
/* End PBXBuildFile section */

/* Begin PBXFileReference section */
		852CF26E26B2E13B000029AD /* PagingKit.app */ = {isa = PBXFileReference; explicitFileType = wrapper.application; includeInIndex = 0; path = PagingKit.app; sourceTree = BUILT_PRODUCTS_DIR; };
		852CF27126B2E13B000029AD /* AppDelegate.swift */ = {isa = PBXFileReference; lastKnownFileType = sourcecode.swift; path = AppDelegate.swift; sourceTree = "<group>"; };
		852CF27326B2E13B000029AD /* SceneDelegate.swift */ = {isa = PBXFileReference; lastKnownFileType = sourcecode.swift; path = SceneDelegate.swift; sourceTree = "<group>"; };
		852CF27526B2E13B000029AD /* ViewController.swift */ = {isa = PBXFileReference; lastKnownFileType = sourcecode.swift; path = ViewController.swift; sourceTree = "<group>"; };
		852CF27826B2E13B000029AD /* Base */ = {isa = PBXFileReference; lastKnownFileType = file.storyboard; name = Base; path = Base.lproj/Main.storyboard; sourceTree = "<group>"; };
		852CF27A26B2E13D000029AD /* Assets.xcassets */ = {isa = PBXFileReference; lastKnownFileType = folder.assetcatalog; path = Assets.xcassets; sourceTree = "<group>"; };
		852CF27D26B2E13D000029AD /* Base */ = {isa = PBXFileReference; lastKnownFileType = file.storyboard; name = Base; path = Base.lproj/LaunchScreen.storyboard; sourceTree = "<group>"; };
		852CF27F26B2E13D000029AD /* Info.plist */ = {isa = PBXFileReference; lastKnownFileType = text.plist.xml; path = Info.plist; sourceTree = "<group>"; };
		8B6E1973D2CF87B0F41B77FC /* Pods-PagingKit.release.xcconfig */ = {isa = PBXFileReference; includeInIndex = 1; lastKnownFileType = text.xcconfig; name = "Pods-PagingKit.release.xcconfig"; path = "Target Support Files/Pods-PagingKit/Pods-PagingKit.release.xcconfig"; sourceTree = "<group>"; };
		DE330BF8A8C1DEDB6C3EE59D /* Pods-PagingKit.debug.xcconfig */ = {isa = PBXFileReference; includeInIndex = 1; lastKnownFileType = text.xcconfig; name = "Pods-PagingKit.debug.xcconfig"; path = "Target Support Files/Pods-PagingKit/Pods-PagingKit.debug.xcconfig"; sourceTree = "<group>"; };
		ED9FEE6F2420417CC52EE0FD /* Pods_PagingKit.framework */ = {isa = PBXFileReference; explicitFileType = wrapper.framework; includeInIndex = 0; path = Pods_PagingKit.framework; sourceTree = BUILT_PRODUCTS_DIR; };
/* End PBXFileReference section */

/* Begin PBXFrameworksBuildPhase section */
		852CF26B26B2E13B000029AD /* Frameworks */ = {
			isa = PBXFrameworksBuildPhase;
			buildActionMask = 2147483647;
			files = (
				336B7326FC3A544ADF222E66 /* Pods_PagingKit.framework in Frameworks */,
			);
			runOnlyForDeploymentPostprocessing = 0;
		};
/* End PBXFrameworksBuildPhase section */

/* Begin PBXGroup section */
		852CF26526B2E13B000029AD = {
			isa = PBXGroup;
			children = (
				852CF27026B2E13B000029AD /* PagingKit */,
				852CF26F26B2E13B000029AD /* Products */,
				A5ABBC469B3BC1FEFDB7EB68 /* Pods */,
				A71486B5CDC9CE96D2F05B64 /* Frameworks */,
			);
			sourceTree = "<group>";
		};
		852CF26F26B2E13B000029AD /* Products */ = {
			isa = PBXGroup;
			children = (
				852CF26E26B2E13B000029AD /* PagingKit.app */,
			);
			name = Products;
			sourceTree = "<group>";
		};
		852CF27026B2E13B000029AD /* PagingKit */ = {
			isa = PBXGroup;
			children = (
				852CF27126B2E13B000029AD /* AppDelegate.swift */,
				852CF27326B2E13B000029AD /* SceneDelegate.swift */,
				852CF27526B2E13B000029AD /* ViewController.swift */,
				852CF27726B2E13B000029AD /* Main.storyboard */,
				852CF27A26B2E13D000029AD /* Assets.xcassets */,
				852CF27C26B2E13D000029AD /* LaunchScreen.storyboard */,
				852CF27F26B2E13D000029AD /* Info.plist */,
			);
			path = PagingKit;
			sourceTree = "<group>";
		};
		A5ABBC469B3BC1FEFDB7EB68 /* Pods */ = {
			isa = PBXGroup;
			children = (
				DE330BF8A8C1DEDB6C3EE59D /* Pods-PagingKit.debug.xcconfig */,
				8B6E1973D2CF87B0F41B77FC /* Pods-PagingKit.release.xcconfig */,
			);
			path = Pods;
			sourceTree = "<group>";
		};
		A71486B5CDC9CE96D2F05B64 /* Frameworks */ = {
			isa = PBXGroup;
			children = (
				ED9FEE6F2420417CC52EE0FD /* Pods_PagingKit.framework */,
			);
			name = Frameworks;
			sourceTree = "<group>";
		};
/* End PBXGroup section */

/* Begin PBXNativeTarget section */
		852CF26D26B2E13B000029AD /* PagingKit */ = {
			isa = PBXNativeTarget;
			buildConfigurationList = 852CF28226B2E13D000029AD /* Build configuration list for PBXNativeTarget "PagingKit" */;
			buildPhases = (
				42EA4BFCA4991E259AE96595 /* [CP] Check Pods Manifest.lock */,
				852CF26A26B2E13B000029AD /* Sources */,
				852CF26B26B2E13B000029AD /* Frameworks */,
				852CF26C26B2E13B000029AD /* Resources */,
				B3425514245843A2F7612DD2 /* [CP] Embed Pods Frameworks */,
			);
			buildRules = (
			);
			dependencies = (
			);
			name = PagingKit;
			productName = PagingKit;
			productReference = 852CF26E26B2E13B000029AD /* PagingKit.app */;
			productType = "com.apple.product-type.application";
		};
/* End PBXNativeTarget section */

/* Begin PBXProject section */
		852CF26626B2E13B000029AD /* Project object */ = {
			isa = PBXProject;
			attributes = {
				LastSwiftUpdateCheck = 1250;
				LastUpgradeCheck = 1250;
				TargetAttributes = {
					852CF26D26B2E13B000029AD = {
						CreatedOnToolsVersion = 12.5.1;
					};
				};
			};
			buildConfigurationList = 852CF26926B2E13B000029AD /* Build configuration list for PBXProject "PagingKit" */;
			compatibilityVersion = "Xcode 9.3";
			developmentRegion = en;
			hasScannedForEncodings = 0;
			knownRegions = (
				en,
				Base,
			);
			mainGroup = 852CF26526B2E13B000029AD;
			productRefGroup = 852CF26F26B2E13B000029AD /* Products */;
			projectDirPath = "";
			projectRoot = "";
			targets = (
				852CF26D26B2E13B000029AD /* PagingKit */,
			);
		};
/* End PBXProject section */

/* Begin PBXResourcesBuildPhase section */
		852CF26C26B2E13B000029AD /* Resources */ = {
			isa = PBXResourcesBuildPhase;
			buildActionMask = 2147483647;
			files = (
				852CF27E26B2E13D000029AD /* LaunchScreen.storyboard in Resources */,
				852CF27B26B2E13D000029AD /* Assets.xcassets in Resources */,
				852CF27926B2E13B000029AD /* Main.storyboard in Resources */,
			);
			runOnlyForDeploymentPostprocessing = 0;
		};
/* End PBXResourcesBuildPhase section */

/* Begin PBXShellScriptBuildPhase section */
		42EA4BFCA4991E259AE96595 /* [CP] Check Pods Manifest.lock */ = {
			isa = PBXShellScriptBuildPhase;
			buildActionMask = 2147483647;
			files = (
			);
			inputFileListPaths = (
			);
			inputPaths = (
				"${PODS_PODFILE_DIR_PATH}/Podfile.lock",
				"${PODS_ROOT}/Manifest.lock",
			);
			name = "[CP] Check Pods Manifest.lock";
			outputFileListPaths = (
			);
			outputPaths = (
				"$(DERIVED_FILE_DIR)/Pods-PagingKit-checkManifestLockResult.txt",
			);
			runOnlyForDeploymentPostprocessing = 0;
			shellPath = /bin/sh;
			shellScript = "diff \"${PODS_PODFILE_DIR_PATH}/Podfile.lock\" \"${PODS_ROOT}/Manifest.lock\" > /dev/null\nif [ $? != 0 ] ; then\n    # print error to STDERR\n    echo \"error: The sandbox is not in sync with the Podfile.lock. Run 'pod install' or update your CocoaPods installation.\" >&2\n    exit 1\nfi\n# This output is used by Xcode 'outputs' to avoid re-running this script phase.\necho \"SUCCESS\" > \"${SCRIPT_OUTPUT_FILE_0}\"\n";
			showEnvVarsInLog = 0;
		};
		B3425514245843A2F7612DD2 /* [CP] Embed Pods Frameworks */ = {
			isa = PBXShellScriptBuildPhase;
			buildActionMask = 2147483647;
			files = (
			);
			inputFileListPaths = (
				"${PODS_ROOT}/Target Support Files/Pods-PagingKit/Pods-PagingKit-frameworks-${CONFIGURATION}-input-files.xcfilelist",
			);
			name = "[CP] Embed Pods Frameworks";
			outputFileListPaths = (
				"${PODS_ROOT}/Target Support Files/Pods-PagingKit/Pods-PagingKit-frameworks-${CONFIGURATION}-output-files.xcfilelist",
			);
			runOnlyForDeploymentPostprocessing = 0;
			shellPath = /bin/sh;
			shellScript = "\"${PODS_ROOT}/Target Support Files/Pods-PagingKit/Pods-PagingKit-frameworks.sh\"\n";
			showEnvVarsInLog = 0;
		};
/* End PBXShellScriptBuildPhase section */

/* Begin PBXSourcesBuildPhase section */
		852CF26A26B2E13B000029AD /* Sources */ = {
			isa = PBXSourcesBuildPhase;
			buildActionMask = 2147483647;
			files = (
				852CF27626B2E13B000029AD /* ViewController.swift in Sources */,
				852CF27226B2E13B000029AD /* AppDelegate.swift in Sources */,
				852CF27426B2E13B000029AD /* SceneDelegate.swift in Sources */,
			);
			runOnlyForDeploymentPostprocessing = 0;
		};
/* End PBXSourcesBuildPhase section */

/* Begin PBXVariantGroup section */
		852CF27726B2E13B000029AD /* Main.storyboard */ = {
			isa = PBXVariantGroup;
			children = (
				852CF27826B2E13B000029AD /* Base */,
			);
			name = Main.storyboard;
			sourceTree = "<group>";
		};
		852CF27C26B2E13D000029AD /* LaunchScreen.storyboard */ = {
			isa = PBXVariantGroup;
			children = (
				852CF27D26B2E13D000029AD /* Base */,
			);
			name = LaunchScreen.storyboard;
			sourceTree = "<group>";
		};
/* End PBXVariantGroup section */

/* Begin XCBuildConfiguration section */
		852CF28026B2E13D000029AD /* Debug */ = {
			isa = XCBuildConfiguration;
			buildSettings = {
				ALWAYS_SEARCH_USER_PATHS = NO;
				CLANG_ANALYZER_NONNULL = YES;
				CLANG_ANALYZER_NUMBER_OBJECT_CONVERSION = YES_AGGRESSIVE;
				CLANG_CXX_LANGUAGE_STANDARD = "gnu++14";
				CLANG_CXX_LIBRARY = "libc++";
				CLANG_ENABLE_MODULES = YES;
				CLANG_ENABLE_OBJC_ARC = YES;
				CLANG_ENABLE_OBJC_WEAK = YES;
				CLANG_WARN_BLOCK_CAPTURE_AUTORELEASING = YES;
				CLANG_WARN_BOOL_CONVERSION = YES;
				CLANG_WARN_COMMA = YES;
				CLANG_WARN_CONSTANT_CONVERSION = YES;
				CLANG_WARN_DEPRECATED_OBJC_IMPLEMENTATIONS = YES;
				CLANG_WARN_DIRECT_OBJC_ISA_USAGE = YES_ERROR;
				CLANG_WARN_DOCUMENTATION_COMMENTS = YES;
				CLANG_WARN_EMPTY_BODY = YES;
				CLANG_WARN_ENUM_CONVERSION = YES;
				CLANG_WARN_INFINITE_RECURSION = YES;
				CLANG_WARN_INT_CONVERSION = YES;
				CLANG_WARN_NON_LITERAL_NULL_CONVERSION = YES;
				CLANG_WARN_OBJC_IMPLICIT_RETAIN_SELF = YES;
				CLANG_WARN_OBJC_LITERAL_CONVERSION = YES;
				CLANG_WARN_OBJC_ROOT_CLASS = YES_ERROR;
				CLANG_WARN_QUOTED_INCLUDE_IN_FRAMEWORK_HEADER = YES;
				CLANG_WARN_RANGE_LOOP_ANALYSIS = YES;
				CLANG_WARN_STRICT_PROTOTYPES = YES;
				CLANG_WARN_SUSPICIOUS_MOVE = YES;
				CLANG_WARN_UNGUARDED_AVAILABILITY = YES_AGGRESSIVE;
				CLANG_WARN_UNREACHABLE_CODE = YES;
				CLANG_WARN__DUPLICATE_METHOD_MATCH = YES;
				COPY_PHASE_STRIP = NO;
				DEBUG_INFORMATION_FORMAT = dwarf;
				ENABLE_STRICT_OBJC_MSGSEND = YES;
				ENABLE_TESTABILITY = YES;
				GCC_C_LANGUAGE_STANDARD = gnu11;
				GCC_DYNAMIC_NO_PIC = NO;
				GCC_NO_COMMON_BLOCKS = YES;
				GCC_OPTIMIZATION_LEVEL = 0;
				GCC_PREPROCESSOR_DEFINITIONS = (
					"DEBUG=1",
					"$(inherited)",
				);
				GCC_WARN_64_TO_32_BIT_CONVERSION = YES;
				GCC_WARN_ABOUT_RETURN_TYPE = YES_ERROR;
				GCC_WARN_UNDECLARED_SELECTOR = YES;
				GCC_WARN_UNINITIALIZED_AUTOS = YES_AGGRESSIVE;
				GCC_WARN_UNUSED_FUNCTION = YES;
				GCC_WARN_UNUSED_VARIABLE = YES;
				IPHONEOS_DEPLOYMENT_TARGET = 14.5;
				MTL_ENABLE_DEBUG_INFO = INCLUDE_SOURCE;
				MTL_FAST_MATH = YES;
				ONLY_ACTIVE_ARCH = YES;
				SDKROOT = iphoneos;
				SWIFT_ACTIVE_COMPILATION_CONDITIONS = DEBUG;
				SWIFT_OPTIMIZATION_LEVEL = "-Onone";
			};
			name = Debug;
		};
		852CF28126B2E13D000029AD /* Release */ = {
			isa = XCBuildConfiguration;
			buildSettings = {
				ALWAYS_SEARCH_USER_PATHS = NO;
				CLANG_ANALYZER_NONNULL = YES;
				CLANG_ANALYZER_NUMBER_OBJECT_CONVERSION = YES_AGGRESSIVE;
				CLANG_CXX_LANGUAGE_STANDARD = "gnu++14";
				CLANG_CXX_LIBRARY = "libc++";
				CLANG_ENABLE_MODULES = YES;
				CLANG_ENABLE_OBJC_ARC = YES;
				CLANG_ENABLE_OBJC_WEAK = YES;
				CLANG_WARN_BLOCK_CAPTURE_AUTORELEASING = YES;
				CLANG_WARN_BOOL_CONVERSION = YES;
				CLANG_WARN_COMMA = YES;
				CLANG_WARN_CONSTANT_CONVERSION = YES;
				CLANG_WARN_DEPRECATED_OBJC_IMPLEMENTATIONS = YES;
				CLANG_WARN_DIRECT_OBJC_ISA_USAGE = YES_ERROR;
				CLANG_WARN_DOCUMENTATION_COMMENTS = YES;
				CLANG_WARN_EMPTY_BODY = YES;
				CLANG_WARN_ENUM_CONVERSION = YES;
				CLANG_WARN_INFINITE_RECURSION = YES;
				CLANG_WARN_INT_CONVERSION = YES;
				CLANG_WARN_NON_LITERAL_NULL_CONVERSION = YES;
				CLANG_WARN_OBJC_IMPLICIT_RETAIN_SELF = YES;
				CLANG_WARN_OBJC_LITERAL_CONVERSION = YES;
				CLANG_WARN_OBJC_ROOT_CLASS = YES_ERROR;
				CLANG_WARN_QUOTED_INCLUDE_IN_FRAMEWORK_HEADER = YES;
				CLANG_WARN_RANGE_LOOP_ANALYSIS = YES;
				CLANG_WARN_STRICT_PROTOTYPES = YES;
				CLANG_WARN_SUSPICIOUS_MOVE = YES;
				CLANG_WARN_UNGUARDED_AVAILABILITY = YES_AGGRESSIVE;
				CLANG_WARN_UNREACHABLE_CODE = YES;
				CLANG_WARN__DUPLICATE_METHOD_MATCH = YES;
				COPY_PHASE_STRIP = NO;
				DEBUG_INFORMATION_FORMAT = "dwarf-with-dsym";
				ENABLE_NS_ASSERTIONS = NO;
				ENABLE_STRICT_OBJC_MSGSEND = YES;
				GCC_C_LANGUAGE_STANDARD = gnu11;
				GCC_NO_COMMON_BLOCKS = YES;
				GCC_WARN_64_TO_32_BIT_CONVERSION = YES;
				GCC_WARN_ABOUT_RETURN_TYPE = YES_ERROR;
				GCC_WARN_UNDECLARED_SELECTOR = YES;
				GCC_WARN_UNINITIALIZED_AUTOS = YES_AGGRESSIVE;
				GCC_WARN_UNUSED_FUNCTION = YES;
				GCC_WARN_UNUSED_VARIABLE = YES;
				IPHONEOS_DEPLOYMENT_TARGET = 14.5;
				MTL_ENABLE_DEBUG_INFO = NO;
				MTL_FAST_MATH = YES;
				SDKROOT = iphoneos;
				SWIFT_COMPILATION_MODE = wholemodule;
				SWIFT_OPTIMIZATION_LEVEL = "-O";
				VALIDATE_PRODUCT = YES;
			};
			name = Release;
		};
		852CF28326B2E13D000029AD /* Debug */ = {
			isa = XCBuildConfiguration;
			baseConfigurationReference = DE330BF8A8C1DEDB6C3EE59D /* Pods-PagingKit.debug.xcconfig */;
			buildSettings = {
				ASSETCATALOG_COMPILER_APPICON_NAME = AppIcon;
				ASSETCATALOG_COMPILER_GLOBAL_ACCENT_COLOR_NAME = AccentColor;
				CODE_SIGN_STYLE = Automatic;
				DEVELOPMENT_TEAM = 555WD7N8WG;
				INFOPLIST_FILE = PagingKit/Info.plist;
				IPHONEOS_DEPLOYMENT_TARGET = 13.0;
				LD_RUNPATH_SEARCH_PATHS = (
					"$(inherited)",
					"@executable_path/Frameworks",
				);
				PRODUCT_BUNDLE_IDENTIFIER = com.hyeji.PagingKit;
				PRODUCT_NAME = "$(TARGET_NAME)";
				SWIFT_VERSION = 5.0;
				TARGETED_DEVICE_FAMILY = "1,2";
			};
			name = Debug;
		};
		852CF28426B2E13D000029AD /* Release */ = {
			isa = XCBuildConfiguration;
			baseConfigurationReference = 8B6E1973D2CF87B0F41B77FC /* Pods-PagingKit.release.xcconfig */;
			buildSettings = {
				ASSETCATALOG_COMPILER_APPICON_NAME = AppIcon;
				ASSETCATALOG_COMPILER_GLOBAL_ACCENT_COLOR_NAME = AccentColor;
				CODE_SIGN_STYLE = Automatic;
				DEVELOPMENT_TEAM = 555WD7N8WG;
				INFOPLIST_FILE = PagingKit/Info.plist;
				IPHONEOS_DEPLOYMENT_TARGET = 13.0;
				LD_RUNPATH_SEARCH_PATHS = (
					"$(inherited)",
					"@executable_path/Frameworks",
				);
				PRODUCT_BUNDLE_IDENTIFIER = com.hyeji.PagingKit;
				PRODUCT_NAME = "$(TARGET_NAME)";
				SWIFT_VERSION = 5.0;
				TARGETED_DEVICE_FAMILY = "1,2";
			};
			name = Release;
		};
/* End XCBuildConfiguration section */

/* Begin XCConfigurationList section */
		852CF26926B2E13B000029AD /* Build configuration list for PBXProject "PagingKit" */ = {
			isa = XCConfigurationList;
			buildConfigurations = (
				852CF28026B2E13D000029AD /* Debug */,
				852CF28126B2E13D000029AD /* Release */,
			);
			defaultConfigurationIsVisible = 0;
			defaultConfigurationName = Release;
		};
		852CF28226B2E13D000029AD /* Build configuration list for PBXNativeTarget "PagingKit" */ = {
			isa = XCConfigurationList;
			buildConfigurations = (
				852CF28326B2E13D000029AD /* Debug */,
				852CF28426B2E13D000029AD /* Release */,
			);
			defaultConfigurationIsVisible = 0;
			defaultConfigurationName = Release;
		};
/* End XCConfigurationList section */
	};
	rootObject = 852CF26626B2E13B000029AD /* Project object */;
}
