// !$*UTF8*$!
{
	archiveVersion = 1;
	classes = {
	};
	objectVersion = 51;
	objects = {

/* Begin PBXBuildFile section */
		321A076726B3903300F1F352 /* AppDelegate.swift in Sources */ = {isa = PBXBuildFile; fileRef = 321A076626B3903300F1F352 /* AppDelegate.swift */; };
		321A076926B3903300F1F352 /* SceneDelegate.swift in Sources */ = {isa = PBXBuildFile; fileRef = 321A076826B3903300F1F352 /* SceneDelegate.swift */; };
		321A076B26B3903300F1F352 /* ViewController.swift in Sources */ = {isa = PBXBuildFile; fileRef = 321A076A26B3903300F1F352 /* ViewController.swift */; };
		321A076E26B3903300F1F352 /* Main.storyboard in Resources */ = {isa = PBXBuildFile; fileRef = 321A076C26B3903300F1F352 /* Main.storyboard */; };
		321A077026B3903C00F1F352 /* Assets.xcassets in Resources */ = {isa = PBXBuildFile; fileRef = 321A076F26B3903C00F1F352 /* Assets.xcassets */; };
		321A077326B3903C00F1F352 /* LaunchScreen.storyboard in Resources */ = {isa = PBXBuildFile; fileRef = 321A077126B3903C00F1F352 /* LaunchScreen.storyboard */; };
		32EBF78C26B392FC00F75F05 /* AllMenuViewController.swift in Sources */ = {isa = PBXBuildFile; fileRef = 32EBF78B26B392FC00F75F05 /* AllMenuViewController.swift */; };
		32EBF78F26B3930E00F75F05 /* MyMenuViewController.swift in Sources */ = {isa = PBXBuildFile; fileRef = 32EBF78E26B3930E00F75F05 /* MyMenuViewController.swift */; };
		32EBF79226B39B1000F75F05 /* MyMenuTableViewCell.swift in Sources */ = {isa = PBXBuildFile; fileRef = 32EBF79126B39B1000F75F05 /* MyMenuTableViewCell.swift */; };
		32EBF79526B3A1A100F75F05 /* AllMenuTableViewCell.swift in Sources */ = {isa = PBXBuildFile; fileRef = 32EBF79426B3A1A100F75F05 /* AllMenuTableViewCell.swift */; };
		853744C226B3DE42003115A9 /* CategoryDetailTableViewCell.swift in Sources */ = {isa = PBXBuildFile; fileRef = 853744C126B3DE42003115A9 /* CategoryDetailTableViewCell.swift */; };
		853744C626B3DED4003115A9 /* CategoryDetailViewController.swift in Sources */ = {isa = PBXBuildFile; fileRef = 853744C526B3DED4003115A9 /* CategoryDetailViewController.swift */; };
		853744C826B3FF23003115A9 /* StoreSettingViewController.swift in Sources */ = {isa = PBXBuildFile; fileRef = 853744C726B3FF23003115A9 /* StoreSettingViewController.swift */; };
		853744CC26B3FFB1003115A9 /* FrequentStoreTableViewController.swift in Sources */ = {isa = PBXBuildFile; fileRef = 853744CB26B3FFB1003115A9 /* FrequentStoreTableViewController.swift */; };
		853744CE26B5A246003115A9 /* DrinkModel.swift in Sources */ = {isa = PBXBuildFile; fileRef = 853744CD26B5A246003115A9 /* DrinkModel.swift */; };
		853744D026B5A24A003115A9 /* UserModel.swift in Sources */ = {isa = PBXBuildFile; fileRef = 853744CF26B5A24A003115A9 /* UserModel.swift */; };
		853744D226B5A250003115A9 /* OrderModel.swift in Sources */ = {isa = PBXBuildFile; fileRef = 853744D126B5A250003115A9 /* OrderModel.swift */; };
		853744D626B5A86C003115A9 /* ShareVar.swift in Sources */ = {isa = PBXBuildFile; fileRef = 853744D526B5A86C003115A9 /* ShareVar.swift */; };
		853744DA26B62C01003115A9 /* AllStoreTableViewController.swift in Sources */ = {isa = PBXBuildFile; fileRef = 853744D926B62C01003115A9 /* AllStoreTableViewController.swift */; };
		853744DC26B62DFF003115A9 /* AllStoreModel.swift in Sources */ = {isa = PBXBuildFile; fileRef = 853744DB26B62DFF003115A9 /* AllStoreModel.swift */; };
		853744DE26B63900003115A9 /* LocationModel.swift in Sources */ = {isa = PBXBuildFile; fileRef = 853744DD26B63900003115A9 /* LocationModel.swift */; };
		85423B5426B79EA700FFEF85 /* PersonalViewController.swift in Sources */ = {isa = PBXBuildFile; fileRef = 85423B5326B79EA700FFEF85 /* PersonalViewController.swift */; };
		85423B5926B7B8EC00FFEF85 /* AlertController.swift in Sources */ = {isa = PBXBuildFile; fileRef = 85423B5826B7B8EC00FFEF85 /* AlertController.swift */; };
		85423B5B26B7BBAB00FFEF85 /* MyMenuInsertModel.swift in Sources */ = {isa = PBXBuildFile; fileRef = 85423B5A26B7BBAB00FFEF85 /* MyMenuInsertModel.swift */; };
		85423B5D26B7C9D900FFEF85 /* DrinkDetailViewController.swift in Sources */ = {isa = PBXBuildFile; fileRef = 85423B5C26B7C9D900FFEF85 /* DrinkDetailViewController.swift */; };
		85423B6126B7D87500FFEF85 /* DrinkInfoModel.swift in Sources */ = {isa = PBXBuildFile; fileRef = 85423B6026B7D87500FFEF85 /* DrinkInfoModel.swift */; };
		85423B6326B7DF5C00FFEF85 /* PersonalOptionViewController.swift in Sources */ = {isa = PBXBuildFile; fileRef = 85423B6226B7DF5C00FFEF85 /* PersonalOptionViewController.swift */; };
		85423B6726B7EAB500FFEF85 /* PersonalIdModel.swift in Sources */ = {isa = PBXBuildFile; fileRef = 85423B6626B7EAB500FFEF85 /* PersonalIdModel.swift */; };
		85423B6926B7F4F200FFEF85 /* MyMenuDeleteModel.swift in Sources */ = {isa = PBXBuildFile; fileRef = 85423B6826B7F4F200FFEF85 /* MyMenuDeleteModel.swift */; };
		85423B6B26B8096C00FFEF85 /* PersonalOptionContentTableViewCell.swift in Sources */ = {isa = PBXBuildFile; fileRef = 85423B6A26B8096C00FFEF85 /* PersonalOptionContentTableViewCell.swift */; };
		85423B6D26B8098000FFEF85 /* PersonalOptionTitleTableViewCell.swift in Sources */ = {isa = PBXBuildFile; fileRef = 85423B6C26B8098000FFEF85 /* PersonalOptionTitleTableViewCell.swift */; };
		85423B6F26B8523300FFEF85 /* CartInsert.swift in Sources */ = {isa = PBXBuildFile; fileRef = 85423B6E26B8523300FFEF85 /* CartInsert.swift */; };
		85CB76EE26B63F8B0052967A /* AllStoreTableViewCell.swift in Sources */ = {isa = PBXBuildFile; fileRef = 85CB76ED26B63F8B0052967A /* AllStoreTableViewCell.swift */; };
		85CB76F226B644D70052967A /* CategoryDetailModel.swift in Sources */ = {isa = PBXBuildFile; fileRef = 85CB76F126B644D70052967A /* CategoryDetailModel.swift */; };
		85CB771626B65AE20052967A /* PersonalModel.swift in Sources */ = {isa = PBXBuildFile; fileRef = 85CB771526B65AE20052967A /* PersonalModel.swift */; };
		85CB771826B65B010052967A /* MyMenuModel.swift in Sources */ = {isa = PBXBuildFile; fileRef = 85CB771726B65B010052967A /* MyMenuModel.swift */; };
		CB651EE44ED305F8126A0640 /* Pods_BottomSheet.framework in Frameworks */ = {isa = PBXBuildFile; fileRef = BA061DE9D8DC9367720F8C12 /* Pods_BottomSheet.framework */; };
/* End PBXBuildFile section */

/* Begin PBXFileReference section */
		321A076326B3903300F1F352 /* BottomSheet.app */ = {isa = PBXFileReference; explicitFileType = wrapper.application; includeInIndex = 0; path = BottomSheet.app; sourceTree = BUILT_PRODUCTS_DIR; };
		321A076626B3903300F1F352 /* AppDelegate.swift */ = {isa = PBXFileReference; lastKnownFileType = sourcecode.swift; path = AppDelegate.swift; sourceTree = "<group>"; };
		321A076826B3903300F1F352 /* SceneDelegate.swift */ = {isa = PBXFileReference; lastKnownFileType = sourcecode.swift; path = SceneDelegate.swift; sourceTree = "<group>"; };
		321A076A26B3903300F1F352 /* ViewController.swift */ = {isa = PBXFileReference; lastKnownFileType = sourcecode.swift; path = ViewController.swift; sourceTree = "<group>"; };
		321A076D26B3903300F1F352 /* Base */ = {isa = PBXFileReference; lastKnownFileType = file.storyboard; name = Base; path = Base.lproj/Main.storyboard; sourceTree = "<group>"; };
		321A076F26B3903C00F1F352 /* Assets.xcassets */ = {isa = PBXFileReference; lastKnownFileType = folder.assetcatalog; path = Assets.xcassets; sourceTree = "<group>"; };
		321A077226B3903C00F1F352 /* Base */ = {isa = PBXFileReference; lastKnownFileType = file.storyboard; name = Base; path = Base.lproj/LaunchScreen.storyboard; sourceTree = "<group>"; };
		321A077426B3903C00F1F352 /* Info.plist */ = {isa = PBXFileReference; lastKnownFileType = text.plist.xml; path = Info.plist; sourceTree = "<group>"; };
		32EBF78B26B392FC00F75F05 /* AllMenuViewController.swift */ = {isa = PBXFileReference; lastKnownFileType = sourcecode.swift; path = AllMenuViewController.swift; sourceTree = "<group>"; };
		32EBF78E26B3930E00F75F05 /* MyMenuViewController.swift */ = {isa = PBXFileReference; lastKnownFileType = sourcecode.swift; path = MyMenuViewController.swift; sourceTree = "<group>"; };
		32EBF79126B39B1000F75F05 /* MyMenuTableViewCell.swift */ = {isa = PBXFileReference; lastKnownFileType = sourcecode.swift; path = MyMenuTableViewCell.swift; sourceTree = "<group>"; };
		32EBF79426B3A1A100F75F05 /* AllMenuTableViewCell.swift */ = {isa = PBXFileReference; lastKnownFileType = sourcecode.swift; path = AllMenuTableViewCell.swift; sourceTree = "<group>"; };
		35468D739012AB1F926FEE2D /* Pods-BottomSheet.release.xcconfig */ = {isa = PBXFileReference; includeInIndex = 1; lastKnownFileType = text.xcconfig; name = "Pods-BottomSheet.release.xcconfig"; path = "Target Support Files/Pods-BottomSheet/Pods-BottomSheet.release.xcconfig"; sourceTree = "<group>"; };
		853744C126B3DE42003115A9 /* CategoryDetailTableViewCell.swift */ = {isa = PBXFileReference; lastKnownFileType = sourcecode.swift; path = CategoryDetailTableViewCell.swift; sourceTree = "<group>"; };
		853744C526B3DED4003115A9 /* CategoryDetailViewController.swift */ = {isa = PBXFileReference; lastKnownFileType = sourcecode.swift; path = CategoryDetailViewController.swift; sourceTree = "<group>"; };
		853744C726B3FF23003115A9 /* StoreSettingViewController.swift */ = {isa = PBXFileReference; lastKnownFileType = sourcecode.swift; path = StoreSettingViewController.swift; sourceTree = "<group>"; };
		853744CB26B3FFB1003115A9 /* FrequentStoreTableViewController.swift */ = {isa = PBXFileReference; lastKnownFileType = sourcecode.swift; path = FrequentStoreTableViewController.swift; sourceTree = "<group>"; };
		853744CD26B5A246003115A9 /* DrinkModel.swift */ = {isa = PBXFileReference; fileEncoding = 4; lastKnownFileType = sourcecode.swift; path = DrinkModel.swift; sourceTree = "<group>"; };
		853744CF26B5A24A003115A9 /* UserModel.swift */ = {isa = PBXFileReference; fileEncoding = 4; lastKnownFileType = sourcecode.swift; path = UserModel.swift; sourceTree = "<group>"; };
		853744D126B5A250003115A9 /* OrderModel.swift */ = {isa = PBXFileReference; fileEncoding = 4; lastKnownFileType = sourcecode.swift; path = OrderModel.swift; sourceTree = "<group>"; };
		853744D526B5A86C003115A9 /* ShareVar.swift */ = {isa = PBXFileReference; lastKnownFileType = sourcecode.swift; path = ShareVar.swift; sourceTree = "<group>"; };
		853744D926B62C01003115A9 /* AllStoreTableViewController.swift */ = {isa = PBXFileReference; lastKnownFileType = sourcecode.swift; path = AllStoreTableViewController.swift; sourceTree = "<group>"; };
		853744DB26B62DFF003115A9 /* AllStoreModel.swift */ = {isa = PBXFileReference; lastKnownFileType = sourcecode.swift; path = AllStoreModel.swift; sourceTree = "<group>"; };
		853744DD26B63900003115A9 /* LocationModel.swift */ = {isa = PBXFileReference; lastKnownFileType = sourcecode.swift; path = LocationModel.swift; sourceTree = "<group>"; };
		85423B5326B79EA700FFEF85 /* PersonalViewController.swift */ = {isa = PBXFileReference; lastKnownFileType = sourcecode.swift; path = PersonalViewController.swift; sourceTree = "<group>"; };
		85423B5826B7B8EC00FFEF85 /* AlertController.swift */ = {isa = PBXFileReference; lastKnownFileType = sourcecode.swift; path = AlertController.swift; sourceTree = "<group>"; };
		85423B5A26B7BBAB00FFEF85 /* MyMenuInsertModel.swift */ = {isa = PBXFileReference; lastKnownFileType = sourcecode.swift; path = MyMenuInsertModel.swift; sourceTree = "<group>"; };
		85423B5C26B7C9D900FFEF85 /* DrinkDetailViewController.swift */ = {isa = PBXFileReference; lastKnownFileType = sourcecode.swift; path = DrinkDetailViewController.swift; sourceTree = "<group>"; };
		85423B6026B7D87500FFEF85 /* DrinkInfoModel.swift */ = {isa = PBXFileReference; lastKnownFileType = sourcecode.swift; path = DrinkInfoModel.swift; sourceTree = "<group>"; };
		85423B6226B7DF5C00FFEF85 /* PersonalOptionViewController.swift */ = {isa = PBXFileReference; lastKnownFileType = sourcecode.swift; path = PersonalOptionViewController.swift; sourceTree = "<group>"; };
		85423B6626B7EAB500FFEF85 /* PersonalIdModel.swift */ = {isa = PBXFileReference; lastKnownFileType = sourcecode.swift; path = PersonalIdModel.swift; sourceTree = "<group>"; };
		85423B6826B7F4F200FFEF85 /* MyMenuDeleteModel.swift */ = {isa = PBXFileReference; lastKnownFileType = sourcecode.swift; path = MyMenuDeleteModel.swift; sourceTree = "<group>"; };
		85423B6A26B8096C00FFEF85 /* PersonalOptionContentTableViewCell.swift */ = {isa = PBXFileReference; lastKnownFileType = sourcecode.swift; path = PersonalOptionContentTableViewCell.swift; sourceTree = "<group>"; };
		85423B6C26B8098000FFEF85 /* PersonalOptionTitleTableViewCell.swift */ = {isa = PBXFileReference; lastKnownFileType = sourcecode.swift; path = PersonalOptionTitleTableViewCell.swift; sourceTree = "<group>"; };
		85423B6E26B8523300FFEF85 /* CartInsert.swift */ = {isa = PBXFileReference; lastKnownFileType = sourcecode.swift; path = CartInsert.swift; sourceTree = "<group>"; };
		85CB76ED26B63F8B0052967A /* AllStoreTableViewCell.swift */ = {isa = PBXFileReference; lastKnownFileType = sourcecode.swift; path = AllStoreTableViewCell.swift; sourceTree = "<group>"; };
		85CB76F126B644D70052967A /* CategoryDetailModel.swift */ = {isa = PBXFileReference; lastKnownFileType = sourcecode.swift; path = CategoryDetailModel.swift; sourceTree = "<group>"; };
		85CB771526B65AE20052967A /* PersonalModel.swift */ = {isa = PBXFileReference; lastKnownFileType = sourcecode.swift; path = PersonalModel.swift; sourceTree = "<group>"; };
		85CB771726B65B010052967A /* MyMenuModel.swift */ = {isa = PBXFileReference; lastKnownFileType = sourcecode.swift; path = MyMenuModel.swift; sourceTree = "<group>"; };
		963D5F65ABC4EA2F8F87E0C4 /* Pods-BottomSheet.debug.xcconfig */ = {isa = PBXFileReference; includeInIndex = 1; lastKnownFileType = text.xcconfig; name = "Pods-BottomSheet.debug.xcconfig"; path = "Target Support Files/Pods-BottomSheet/Pods-BottomSheet.debug.xcconfig"; sourceTree = "<group>"; };
		BA061DE9D8DC9367720F8C12 /* Pods_BottomSheet.framework */ = {isa = PBXFileReference; explicitFileType = wrapper.framework; includeInIndex = 0; path = Pods_BottomSheet.framework; sourceTree = BUILT_PRODUCTS_DIR; };
/* End PBXFileReference section */

/* Begin PBXFrameworksBuildPhase section */
		321A076026B3903300F1F352 /* Frameworks */ = {
			isa = PBXFrameworksBuildPhase;
			buildActionMask = 2147483647;
			files = (
				CB651EE44ED305F8126A0640 /* Pods_BottomSheet.framework in Frameworks */,
			);
			runOnlyForDeploymentPostprocessing = 0;
		};
/* End PBXFrameworksBuildPhase section */

/* Begin PBXGroup section */
		321A075A26B3903300F1F352 = {
			isa = PBXGroup;
			children = (
				321A076526B3903300F1F352 /* BottomSheet */,
				321A076426B3903300F1F352 /* Products */,
				7FF94D8B3794F712FA9DD713 /* Pods */,
				40593E74D4470CA07F08C134 /* Frameworks */,
			);
			sourceTree = "<group>";
		};
		321A076426B3903300F1F352 /* Products */ = {
			isa = PBXGroup;
			children = (
				321A076326B3903300F1F352 /* BottomSheet.app */,
			);
			name = Products;
			sourceTree = "<group>";
		};
		321A076526B3903300F1F352 /* BottomSheet */ = {
			isa = PBXGroup;
			children = (
				853744D126B5A250003115A9 /* OrderModel.swift */,
				853744CF26B5A24A003115A9 /* UserModel.swift */,
				321A076A26B3903300F1F352 /* ViewController.swift */,
				32EBF79426B3A1A100F75F05 /* AllMenuTableViewCell.swift */,
				85CB771726B65B010052967A /* MyMenuModel.swift */,
				853744C126B3DE42003115A9 /* CategoryDetailTableViewCell.swift */,
				32EBF79126B39B1000F75F05 /* MyMenuTableViewCell.swift */,
				321A076626B3903300F1F352 /* AppDelegate.swift */,
				321A076826B3903300F1F352 /* SceneDelegate.swift */,
				853744DB26B62DFF003115A9 /* AllStoreModel.swift */,
				85CB76ED26B63F8B0052967A /* AllStoreTableViewCell.swift */,
				853744DD26B63900003115A9 /* LocationModel.swift */,
				321A077126B3903C00F1F352 /* LaunchScreen.storyboard */,
				321A077426B3903C00F1F352 /* Info.plist */,
				853744C726B3FF23003115A9 /* StoreSettingViewController.swift */,
				853744CB26B3FFB1003115A9 /* FrequentStoreTableViewController.swift */,
				853744D926B62C01003115A9 /* AllStoreTableViewController.swift */,
				85CB76F126B644D70052967A /* CategoryDetailModel.swift */,
				853744CD26B5A246003115A9 /* DrinkModel.swift */,
				32EBF78B26B392FC00F75F05 /* AllMenuViewController.swift */,
				853744D526B5A86C003115A9 /* ShareVar.swift */,
				85423B5A26B7BBAB00FFEF85 /* MyMenuInsertModel.swift */,
				85423B6E26B8523300FFEF85 /* CartInsert.swift */,
				85CB771526B65AE20052967A /* PersonalModel.swift */,
				85423B6C26B8098000FFEF85 /* PersonalOptionTitleTableViewCell.swift */,
				85423B6026B7D87500FFEF85 /* DrinkInfoModel.swift */,
				85423B6826B7F4F200FFEF85 /* MyMenuDeleteModel.swift */,
				32EBF78E26B3930E00F75F05 /* MyMenuViewController.swift */,
				85423B6626B7EAB500FFEF85 /* PersonalIdModel.swift */,
				85423B6A26B8096C00FFEF85 /* PersonalOptionContentTableViewCell.swift */,
				85423B5C26B7C9D900FFEF85 /* DrinkDetailViewController.swift */,
				853744C526B3DED4003115A9 /* CategoryDetailViewController.swift */,
				321A076F26B3903C00F1F352 /* Assets.xcassets */,
				321A076C26B3903300F1F352 /* Main.storyboard */,
				85423B5326B79EA700FFEF85 /* PersonalViewController.swift */,
				85423B6226B7DF5C00FFEF85 /* PersonalOptionViewController.swift */,
				85423B5826B7B8EC00FFEF85 /* AlertController.swift */,
			);
			path = BottomSheet;
			sourceTree = "<group>";
		};
		40593E74D4470CA07F08C134 /* Frameworks */ = {
			isa = PBXGroup;
			children = (
				BA061DE9D8DC9367720F8C12 /* Pods_BottomSheet.framework */,
			);
			name = Frameworks;
			sourceTree = "<group>";
		};
		7FF94D8B3794F712FA9DD713 /* Pods */ = {
			isa = PBXGroup;
			children = (
				963D5F65ABC4EA2F8F87E0C4 /* Pods-BottomSheet.debug.xcconfig */,
				35468D739012AB1F926FEE2D /* Pods-BottomSheet.release.xcconfig */,
			);
			path = Pods;
			sourceTree = "<group>";
		};
/* End PBXGroup section */

/* Begin PBXNativeTarget section */
		321A076226B3903300F1F352 /* BottomSheet */ = {
			isa = PBXNativeTarget;
			buildConfigurationList = 321A077726B3903C00F1F352 /* Build configuration list for PBXNativeTarget "BottomSheet" */;
			buildPhases = (
				30B0D227CD6DF5EB2D0E6798 /* [CP] Check Pods Manifest.lock */,
				321A075F26B3903300F1F352 /* Sources */,
				321A076026B3903300F1F352 /* Frameworks */,
				321A076126B3903300F1F352 /* Resources */,
				28FB7D011681E5535122AA55 /* [CP] Embed Pods Frameworks */,
			);
			buildRules = (
			);
			dependencies = (
			);
			name = BottomSheet;
			productName = BottomSheet;
			productReference = 321A076326B3903300F1F352 /* BottomSheet.app */;
			productType = "com.apple.product-type.application";
		};
/* End PBXNativeTarget section */

/* Begin PBXProject section */
		321A075B26B3903300F1F352 /* Project object */ = {
			isa = PBXProject;
			attributes = {
				LastSwiftUpdateCheck = 1240;
				LastUpgradeCheck = 1240;
				TargetAttributes = {
					321A076226B3903300F1F352 = {
						CreatedOnToolsVersion = 12.4;
					};
				};
			};
			buildConfigurationList = 321A075E26B3903300F1F352 /* Build configuration list for PBXProject "BottomSheet" */;
			compatibilityVersion = "Xcode 9.3";
			developmentRegion = en;
			hasScannedForEncodings = 0;
			knownRegions = (
				en,
				Base,
			);
			mainGroup = 321A075A26B3903300F1F352;
			productRefGroup = 321A076426B3903300F1F352 /* Products */;
			projectDirPath = "";
			projectRoot = "";
			targets = (
				321A076226B3903300F1F352 /* BottomSheet */,
			);
		};
/* End PBXProject section */

/* Begin PBXResourcesBuildPhase section */
		321A076126B3903300F1F352 /* Resources */ = {
			isa = PBXResourcesBuildPhase;
			buildActionMask = 2147483647;
			files = (
				321A077326B3903C00F1F352 /* LaunchScreen.storyboard in Resources */,
				321A077026B3903C00F1F352 /* Assets.xcassets in Resources */,
				321A076E26B3903300F1F352 /* Main.storyboard in Resources */,
			);
			runOnlyForDeploymentPostprocessing = 0;
		};
/* End PBXResourcesBuildPhase section */

/* Begin PBXShellScriptBuildPhase section */
		28FB7D011681E5535122AA55 /* [CP] Embed Pods Frameworks */ = {
			isa = PBXShellScriptBuildPhase;
			buildActionMask = 2147483647;
			files = (
			);
			inputFileListPaths = (
				"${PODS_ROOT}/Target Support Files/Pods-BottomSheet/Pods-BottomSheet-frameworks-${CONFIGURATION}-input-files.xcfilelist",
			);
			name = "[CP] Embed Pods Frameworks";
			outputFileListPaths = (
				"${PODS_ROOT}/Target Support Files/Pods-BottomSheet/Pods-BottomSheet-frameworks-${CONFIGURATION}-output-files.xcfilelist",
			);
			runOnlyForDeploymentPostprocessing = 0;
			shellPath = /bin/sh;
			shellScript = "\"${PODS_ROOT}/Target Support Files/Pods-BottomSheet/Pods-BottomSheet-frameworks.sh\"\n";
			showEnvVarsInLog = 0;
		};
		30B0D227CD6DF5EB2D0E6798 /* [CP] Check Pods Manifest.lock */ = {
			isa = PBXShellScriptBuildPhase;
			buildActionMask = 2147483647;
			files = (
			);
			inputFileListPaths = (
			);
			inputPaths = (
				"${PODS_PODFILE_DIR_PATH}/Podfile.lock",
				"${PODS_ROOT}/Manifest.lock",
			);
			name = "[CP] Check Pods Manifest.lock";
			outputFileListPaths = (
			);
			outputPaths = (
				"$(DERIVED_FILE_DIR)/Pods-BottomSheet-checkManifestLockResult.txt",
			);
			runOnlyForDeploymentPostprocessing = 0;
			shellPath = /bin/sh;
			shellScript = "diff \"${PODS_PODFILE_DIR_PATH}/Podfile.lock\" \"${PODS_ROOT}/Manifest.lock\" > /dev/null\nif [ $? != 0 ] ; then\n    # print error to STDERR\n    echo \"error: The sandbox is not in sync with the Podfile.lock. Run 'pod install' or update your CocoaPods installation.\" >&2\n    exit 1\nfi\n# This output is used by Xcode 'outputs' to avoid re-running this script phase.\necho \"SUCCESS\" > \"${SCRIPT_OUTPUT_FILE_0}\"\n";
			showEnvVarsInLog = 0;
		};
/* End PBXShellScriptBuildPhase section */

/* Begin PBXSourcesBuildPhase section */
		321A075F26B3903300F1F352 /* Sources */ = {
			isa = PBXSourcesBuildPhase;
			buildActionMask = 2147483647;
			files = (
				85423B6126B7D87500FFEF85 /* DrinkInfoModel.swift in Sources */,
				853744C226B3DE42003115A9 /* CategoryDetailTableViewCell.swift in Sources */,
				853744DA26B62C01003115A9 /* AllStoreTableViewController.swift in Sources */,
				85423B6D26B8098000FFEF85 /* PersonalOptionTitleTableViewCell.swift in Sources */,
				85CB771826B65B010052967A /* MyMenuModel.swift in Sources */,
				321A076B26B3903300F1F352 /* ViewController.swift in Sources */,
				85423B5926B7B8EC00FFEF85 /* AlertController.swift in Sources */,
				321A076726B3903300F1F352 /* AppDelegate.swift in Sources */,
				85423B6B26B8096C00FFEF85 /* PersonalOptionContentTableViewCell.swift in Sources */,
				85CB771626B65AE20052967A /* PersonalModel.swift in Sources */,
				85423B6326B7DF5C00FFEF85 /* PersonalOptionViewController.swift in Sources */,
				853744C626B3DED4003115A9 /* CategoryDetailViewController.swift in Sources */,
				853744C826B3FF23003115A9 /* StoreSettingViewController.swift in Sources */,
				85CB76F226B644D70052967A /* CategoryDetailModel.swift in Sources */,
				321A076926B3903300F1F352 /* SceneDelegate.swift in Sources */,
				85423B5B26B7BBAB00FFEF85 /* MyMenuInsertModel.swift in Sources */,
				85423B6726B7EAB500FFEF85 /* PersonalIdModel.swift in Sources */,
				85423B6F26B8523300FFEF85 /* CartInsert.swift in Sources */,
				853744D626B5A86C003115A9 /* ShareVar.swift in Sources */,
				853744D226B5A250003115A9 /* OrderModel.swift in Sources */,
				85423B6926B7F4F200FFEF85 /* MyMenuDeleteModel.swift in Sources */,
				853744CC26B3FFB1003115A9 /* FrequentStoreTableViewController.swift in Sources */,
				853744DE26B63900003115A9 /* LocationModel.swift in Sources */,
				85423B5D26B7C9D900FFEF85 /* DrinkDetailViewController.swift in Sources */,
				85CB76EE26B63F8B0052967A /* AllStoreTableViewCell.swift in Sources */,
				853744D026B5A24A003115A9 /* UserModel.swift in Sources */,
				853744CE26B5A246003115A9 /* DrinkModel.swift in Sources */,
				32EBF78C26B392FC00F75F05 /* AllMenuViewController.swift in Sources */,
				32EBF79526B3A1A100F75F05 /* AllMenuTableViewCell.swift in Sources */,
				853744DC26B62DFF003115A9 /* AllStoreModel.swift in Sources */,
				85423B5426B79EA700FFEF85 /* PersonalViewController.swift in Sources */,
				32EBF79226B39B1000F75F05 /* MyMenuTableViewCell.swift in Sources */,
				32EBF78F26B3930E00F75F05 /* MyMenuViewController.swift in Sources */,
			);
			runOnlyForDeploymentPostprocessing = 0;
		};
/* End PBXSourcesBuildPhase section */

/* Begin PBXVariantGroup section */
		321A076C26B3903300F1F352 /* Main.storyboard */ = {
			isa = PBXVariantGroup;
			children = (
				321A076D26B3903300F1F352 /* Base */,
			);
			name = Main.storyboard;
			sourceTree = "<group>";
		};
		321A077126B3903C00F1F352 /* LaunchScreen.storyboard */ = {
			isa = PBXVariantGroup;
			children = (
				321A077226B3903C00F1F352 /* Base */,
			);
			name = LaunchScreen.storyboard;
			sourceTree = "<group>";
		};
/* End PBXVariantGroup section */

/* Begin XCBuildConfiguration section */
		321A077526B3903C00F1F352 /* Debug */ = {
			isa = XCBuildConfiguration;
			buildSettings = {
				ALWAYS_SEARCH_USER_PATHS = NO;
				CLANG_ANALYZER_NONNULL = YES;
				CLANG_ANALYZER_NUMBER_OBJECT_CONVERSION = YES_AGGRESSIVE;
				CLANG_CXX_LANGUAGE_STANDARD = "gnu++14";
				CLANG_CXX_LIBRARY = "libc++";
				CLANG_ENABLE_MODULES = YES;
				CLANG_ENABLE_OBJC_ARC = YES;
				CLANG_ENABLE_OBJC_WEAK = YES;
				CLANG_WARN_BLOCK_CAPTURE_AUTORELEASING = YES;
				CLANG_WARN_BOOL_CONVERSION = YES;
				CLANG_WARN_COMMA = YES;
				CLANG_WARN_CONSTANT_CONVERSION = YES;
				CLANG_WARN_DEPRECATED_OBJC_IMPLEMENTATIONS = YES;
				CLANG_WARN_DIRECT_OBJC_ISA_USAGE = YES_ERROR;
				CLANG_WARN_DOCUMENTATION_COMMENTS = YES;
				CLANG_WARN_EMPTY_BODY = YES;
				CLANG_WARN_ENUM_CONVERSION = YES;
				CLANG_WARN_INFINITE_RECURSION = YES;
				CLANG_WARN_INT_CONVERSION = YES;
				CLANG_WARN_NON_LITERAL_NULL_CONVERSION = YES;
				CLANG_WARN_OBJC_IMPLICIT_RETAIN_SELF = YES;
				CLANG_WARN_OBJC_LITERAL_CONVERSION = YES;
				CLANG_WARN_OBJC_ROOT_CLASS = YES_ERROR;
				CLANG_WARN_QUOTED_INCLUDE_IN_FRAMEWORK_HEADER = YES;
				CLANG_WARN_RANGE_LOOP_ANALYSIS = YES;
				CLANG_WARN_STRICT_PROTOTYPES = YES;
				CLANG_WARN_SUSPICIOUS_MOVE = YES;
				CLANG_WARN_UNGUARDED_AVAILABILITY = YES_AGGRESSIVE;
				CLANG_WARN_UNREACHABLE_CODE = YES;
				CLANG_WARN__DUPLICATE_METHOD_MATCH = YES;
				COPY_PHASE_STRIP = NO;
				DEBUG_INFORMATION_FORMAT = dwarf;
				ENABLE_STRICT_OBJC_MSGSEND = YES;
				ENABLE_TESTABILITY = YES;
				GCC_C_LANGUAGE_STANDARD = gnu11;
				GCC_DYNAMIC_NO_PIC = NO;
				GCC_NO_COMMON_BLOCKS = YES;
				GCC_OPTIMIZATION_LEVEL = 0;
				GCC_PREPROCESSOR_DEFINITIONS = (
					"DEBUG=1",
					"$(inherited)",
				);
				GCC_WARN_64_TO_32_BIT_CONVERSION = YES;
				GCC_WARN_ABOUT_RETURN_TYPE = YES_ERROR;
				GCC_WARN_UNDECLARED_SELECTOR = YES;
				GCC_WARN_UNINITIALIZED_AUTOS = YES_AGGRESSIVE;
				GCC_WARN_UNUSED_FUNCTION = YES;
				GCC_WARN_UNUSED_VARIABLE = YES;
				IPHONEOS_DEPLOYMENT_TARGET = 14.4;
				MTL_ENABLE_DEBUG_INFO = INCLUDE_SOURCE;
				MTL_FAST_MATH = YES;
				ONLY_ACTIVE_ARCH = YES;
				SDKROOT = iphoneos;
				SWIFT_ACTIVE_COMPILATION_CONDITIONS = DEBUG;
				SWIFT_OPTIMIZATION_LEVEL = "-Onone";
			};
			name = Debug;
		};
		321A077626B3903C00F1F352 /* Release */ = {
			isa = XCBuildConfiguration;
			buildSettings = {
				ALWAYS_SEARCH_USER_PATHS = NO;
				CLANG_ANALYZER_NONNULL = YES;
				CLANG_ANALYZER_NUMBER_OBJECT_CONVERSION = YES_AGGRESSIVE;
				CLANG_CXX_LANGUAGE_STANDARD = "gnu++14";
				CLANG_CXX_LIBRARY = "libc++";
				CLANG_ENABLE_MODULES = YES;
				CLANG_ENABLE_OBJC_ARC = YES;
				CLANG_ENABLE_OBJC_WEAK = YES;
				CLANG_WARN_BLOCK_CAPTURE_AUTORELEASING = YES;
				CLANG_WARN_BOOL_CONVERSION = YES;
				CLANG_WARN_COMMA = YES;
				CLANG_WARN_CONSTANT_CONVERSION = YES;
				CLANG_WARN_DEPRECATED_OBJC_IMPLEMENTATIONS = YES;
				CLANG_WARN_DIRECT_OBJC_ISA_USAGE = YES_ERROR;
				CLANG_WARN_DOCUMENTATION_COMMENTS = YES;
				CLANG_WARN_EMPTY_BODY = YES;
				CLANG_WARN_ENUM_CONVERSION = YES;
				CLANG_WARN_INFINITE_RECURSION = YES;
				CLANG_WARN_INT_CONVERSION = YES;
				CLANG_WARN_NON_LITERAL_NULL_CONVERSION = YES;
				CLANG_WARN_OBJC_IMPLICIT_RETAIN_SELF = YES;
				CLANG_WARN_OBJC_LITERAL_CONVERSION = YES;
				CLANG_WARN_OBJC_ROOT_CLASS = YES_ERROR;
				CLANG_WARN_QUOTED_INCLUDE_IN_FRAMEWORK_HEADER = YES;
				CLANG_WARN_RANGE_LOOP_ANALYSIS = YES;
				CLANG_WARN_STRICT_PROTOTYPES = YES;
				CLANG_WARN_SUSPICIOUS_MOVE = YES;
				CLANG_WARN_UNGUARDED_AVAILABILITY = YES_AGGRESSIVE;
				CLANG_WARN_UNREACHABLE_CODE = YES;
				CLANG_WARN__DUPLICATE_METHOD_MATCH = YES;
				COPY_PHASE_STRIP = NO;
				DEBUG_INFORMATION_FORMAT = "dwarf-with-dsym";
				ENABLE_NS_ASSERTIONS = NO;
				ENABLE_STRICT_OBJC_MSGSEND = YES;
				GCC_C_LANGUAGE_STANDARD = gnu11;
				GCC_NO_COMMON_BLOCKS = YES;
				GCC_WARN_64_TO_32_BIT_CONVERSION = YES;
				GCC_WARN_ABOUT_RETURN_TYPE = YES_ERROR;
				GCC_WARN_UNDECLARED_SELECTOR = YES;
				GCC_WARN_UNINITIALIZED_AUTOS = YES_AGGRESSIVE;
				GCC_WARN_UNUSED_FUNCTION = YES;
				GCC_WARN_UNUSED_VARIABLE = YES;
				IPHONEOS_DEPLOYMENT_TARGET = 14.4;
				MTL_ENABLE_DEBUG_INFO = NO;
				MTL_FAST_MATH = YES;
				SDKROOT = iphoneos;
				SWIFT_COMPILATION_MODE = wholemodule;
				SWIFT_OPTIMIZATION_LEVEL = "-O";
				VALIDATE_PRODUCT = YES;
			};
			name = Release;
		};
		321A077826B3903C00F1F352 /* Debug */ = {
			isa = XCBuildConfiguration;
			baseConfigurationReference = 963D5F65ABC4EA2F8F87E0C4 /* Pods-BottomSheet.debug.xcconfig */;
			buildSettings = {
				ASSETCATALOG_COMPILER_APPICON_NAME = AppIcon;
				ASSETCATALOG_COMPILER_GLOBAL_ACCENT_COLOR_NAME = AccentColor;
				CODE_SIGN_STYLE = Automatic;
				INFOPLIST_FILE = BottomSheet/Info.plist;
				IPHONEOS_DEPLOYMENT_TARGET = 13.0;
				LD_RUNPATH_SEARCH_PATHS = (
					"$(inherited)",
					"@executable_path/Frameworks",
				);
				PRODUCT_BUNDLE_IDENTIFIER = com.hyeji.BottomSheet;
				PRODUCT_NAME = "$(TARGET_NAME)";
				SWIFT_VERSION = 5.0;
				TARGETED_DEVICE_FAMILY = "1,2";
			};
			name = Debug;
		};
		321A077926B3903C00F1F352 /* Release */ = {
			isa = XCBuildConfiguration;
			baseConfigurationReference = 35468D739012AB1F926FEE2D /* Pods-BottomSheet.release.xcconfig */;
			buildSettings = {
				ASSETCATALOG_COMPILER_APPICON_NAME = AppIcon;
				ASSETCATALOG_COMPILER_GLOBAL_ACCENT_COLOR_NAME = AccentColor;
				CODE_SIGN_STYLE = Automatic;
				INFOPLIST_FILE = BottomSheet/Info.plist;
				IPHONEOS_DEPLOYMENT_TARGET = 13.0;
				LD_RUNPATH_SEARCH_PATHS = (
					"$(inherited)",
					"@executable_path/Frameworks",
				);
				PRODUCT_BUNDLE_IDENTIFIER = com.hyeji.BottomSheet;
				PRODUCT_NAME = "$(TARGET_NAME)";
				SWIFT_VERSION = 5.0;
				TARGETED_DEVICE_FAMILY = "1,2";
			};
			name = Release;
		};
/* End XCBuildConfiguration section */

/* Begin XCConfigurationList section */
		321A075E26B3903300F1F352 /* Build configuration list for PBXProject "BottomSheet" */ = {
			isa = XCConfigurationList;
			buildConfigurations = (
				321A077526B3903C00F1F352 /* Debug */,
				321A077626B3903C00F1F352 /* Release */,
			);
			defaultConfigurationIsVisible = 0;
			defaultConfigurationName = Release;
		};
		321A077726B3903C00F1F352 /* Build configuration list for PBXNativeTarget "BottomSheet" */ = {
			isa = XCConfigurationList;
			buildConfigurations = (
				321A077826B3903C00F1F352 /* Debug */,
				321A077926B3903C00F1F352 /* Release */,
			);
			defaultConfigurationIsVisible = 0;
			defaultConfigurationName = Release;
		};
/* End XCConfigurationList section */
	};
	rootObject = 321A075B26B3903300F1F352 /* Project object */;
}
